// !$*UTF8*$!
{
	archiveVersion = 1;
	classes = {
	};
	objectVersion = 46;
	objects = {

/* Begin PBXBuildFile section */
		0D28232D7C0428A043614F48 /* libPods-CHCloudHealth.a in Frameworks */ = {isa = PBXBuildFile; fileRef = 5A7A51FD90EC5FD877E25B1E /* libPods-CHCloudHealth.a */; };
		6315228F1CB55A4F00D8B160 /* CHHealthReportController.m in Sources */ = {isa = PBXBuildFile; fileRef = 6315228E1CB55A4F00D8B160 /* CHHealthReportController.m */; };
		631522921CB56BD900D8B160 /* CHLocationAreaController.m in Sources */ = {isa = PBXBuildFile; fileRef = 631522911CB56BD900D8B160 /* CHLocationAreaController.m */; };
		63412E231CB2628B00FAD0DA /* UIStoryboard+Categories.m in Sources */ = {isa = PBXBuildFile; fileRef = 63412E221CB2628B00FAD0DA /* UIStoryboard+Categories.m */; };
		63412E271CB2634600FAD0DA /* CHLoginController.m in Sources */ = {isa = PBXBuildFile; fileRef = 63412E261CB2634600FAD0DA /* CHLoginController.m */; };
		63412E2A1CB2717B00FAD0DA /* CHRegisterController.m in Sources */ = {isa = PBXBuildFile; fileRef = 63412E291CB2717B00FAD0DA /* CHRegisterController.m */; };
		63412E2D1CB273CA00FAD0DA /* CHBaseNavigationController.m in Sources */ = {isa = PBXBuildFile; fileRef = 63412E2C1CB273CA00FAD0DA /* CHBaseNavigationController.m */; };
		63412E301CB279B300FAD0DA /* CHResetPsdStep1Controller.m in Sources */ = {isa = PBXBuildFile; fileRef = 63412E2F1CB279B300FAD0DA /* CHResetPsdStep1Controller.m */; };
		63412E331CB279C000FAD0DA /* CHResetPsdStep2Controller.m in Sources */ = {isa = PBXBuildFile; fileRef = 63412E321CB279C000FAD0DA /* CHResetPsdStep2Controller.m */; };
		63412E371CB27C9100FAD0DA /* CHUser.m in Sources */ = {isa = PBXBuildFile; fileRef = 63412E361CB27C9100FAD0DA /* CHUser.m */; };
		63412E3A1CB285B100FAD0DA /* UITableView+Empty.m in Sources */ = {isa = PBXBuildFile; fileRef = 63412E391CB285B100FAD0DA /* UITableView+Empty.m */; };
		63412E3D1CB285F900FAD0DA /* UIScrollView+EmptyDataSet.m in Sources */ = {isa = PBXBuildFile; fileRef = 63412E3C1CB285F900FAD0DA /* UIScrollView+EmptyDataSet.m */; };
		63412E401CB2860700FAD0DA /* DZNEmptyDataSetView.m in Sources */ = {isa = PBXBuildFile; fileRef = 63412E3F1CB2860700FAD0DA /* DZNEmptyDataSetView.m */; };
		63412E441CB2A24700FAD0DA /* CHUserInfoController.m in Sources */ = {isa = PBXBuildFile; fileRef = 63412E431CB2A24700FAD0DA /* CHUserInfoController.m */; };
		63412E471CB2A28100FAD0DA /* CHRelationShipController.m in Sources */ = {isa = PBXBuildFile; fileRef = 63412E461CB2A28100FAD0DA /* CHRelationShipController.m */; };
		63412E4A1CB2A29F00FAD0DA /* CHCareAreaController.m in Sources */ = {isa = PBXBuildFile; fileRef = 63412E491CB2A29F00FAD0DA /* CHCareAreaController.m */; };
		63412E4D1CB2A2C500FAD0DA /* CHLocationMonitorController.m in Sources */ = {isa = PBXBuildFile; fileRef = 63412E4C1CB2A2C500FAD0DA /* CHLocationMonitorController.m */; };
		63412E501CB2A2E800FAD0DA /* CHMonitorCareController.m in Sources */ = {isa = PBXBuildFile; fileRef = 63412E4F1CB2A2E800FAD0DA /* CHMonitorCareController.m */; };
		63412E531CB2A33F00FAD0DA /* CHMedicineReminderController.m in Sources */ = {isa = PBXBuildFile; fileRef = 63412E521CB2A33F00FAD0DA /* CHMedicineReminderController.m */; };
		63412E561CB2A35100FAD0DA /* CHSOSSetController.m in Sources */ = {isa = PBXBuildFile; fileRef = 63412E551CB2A35100FAD0DA /* CHSOSSetController.m */; };
		63412E591CB2A36700FAD0DA /* CHAPPManagerController.m in Sources */ = {isa = PBXBuildFile; fileRef = 63412E581CB2A36700FAD0DA /* CHAPPManagerController.m */; };
		63412E5E1CB2A58400FAD0DA /* CHMainHeaderCell.m in Sources */ = {isa = PBXBuildFile; fileRef = 63412E5D1CB2A58400FAD0DA /* CHMainHeaderCell.m */; };
		63412E611CB2B31900FAD0DA /* CHMainStateCell.m in Sources */ = {isa = PBXBuildFile; fileRef = 63412E601CB2B31900FAD0DA /* CHMainStateCell.m */; };
		637339A41CB69F750018FE46 /* CHSwitchCell.m in Sources */ = {isa = PBXBuildFile; fileRef = 637339A31CB69F750018FE46 /* CHSwitchCell.m */; };
		637339A71CB6A2C50018FE46 /* CHMonitorCell.m in Sources */ = {isa = PBXBuildFile; fileRef = 637339A61CB6A2C50018FE46 /* CHMonitorCell.m */; };
		63A29B471CB0D23C009C61B2 /* HYQHelperHUD.m in Sources */ = {isa = PBXBuildFile; fileRef = 63A29B461CB0D23C009C61B2 /* HYQHelperHUD.m */; };
		63A447611CB4087B00046DC7 /* CHStatisticsController.m in Sources */ = {isa = PBXBuildFile; fileRef = 63A447601CB4087B00046DC7 /* CHStatisticsController.m */; };
		63B983921CB8AF3400150EA2 /* CHSetTimeIntervalController.m in Sources */ = {isa = PBXBuildFile; fileRef = 63B983911CB8AF3400150EA2 /* CHSetTimeIntervalController.m */; };
		63D9F7E81CB0C47E009BF266 /* bg_login.png in Resources */ = {isa = PBXBuildFile; fileRef = 63D9F7E71CB0C47E009BF266 /* bg_login.png */; };
		63D9F7ED1CB0C52A009BF266 /* Login.storyboard in Resources */ = {isa = PBXBuildFile; fileRef = 63D9F7EB1CB0C52A009BF266 /* Login.storyboard */; };
		8464DE121CAA48C7000B987E /* main.m in Sources */ = {isa = PBXBuildFile; fileRef = 8464DE111CAA48C7000B987E /* main.m */; };
		8464DE151CAA48C7000B987E /* AppDelegate.m in Sources */ = {isa = PBXBuildFile; fileRef = 8464DE141CAA48C7000B987E /* AppDelegate.m */; };
		8464DE181CAA48C7000B987E /* ViewController.m in Sources */ = {isa = PBXBuildFile; fileRef = 8464DE171CAA48C7000B987E /* ViewController.m */; };
		8464DE1B1CAA48C7000B987E /* Main.storyboard in Resources */ = {isa = PBXBuildFile; fileRef = 8464DE191CAA48C7000B987E /* Main.storyboard */; };
		8464DE1D1CAA48C7000B987E /* Assets.xcassets in Resources */ = {isa = PBXBuildFile; fileRef = 8464DE1C1CAA48C7000B987E /* Assets.xcassets */; };
		8464DE201CAA48C7000B987E /* LaunchScreen.storyboard in Resources */ = {isa = PBXBuildFile; fileRef = 8464DE1E1CAA48C7000B987E /* LaunchScreen.storyboard */; };
		8472D1FB1CAE53930003E35A /* FQAHDiskCache.m in Sources */ = {isa = PBXBuildFile; fileRef = 8472D1CB1CAE53930003E35A /* FQAHDiskCache.m */; };
		8472D1FC1CAE53930003E35A /* FQAHDiskCachedObject+CoreDataProperties.m in Sources */ = {isa = PBXBuildFile; fileRef = 8472D1CD1CAE53930003E35A /* FQAHDiskCachedObject+CoreDataProperties.m */; };
		8472D1FD1CAE53930003E35A /* FQAHDiskCachedObject.m in Sources */ = {isa = PBXBuildFile; fileRef = 8472D1CF1CAE53930003E35A /* FQAHDiskCachedObject.m */; };
		8472D1FE1CAE53930003E35A /* FQAHNetworking.xcdatamodeld in Sources */ = {isa = PBXBuildFile; fileRef = 8472D1D01CAE53930003E35A /* FQAHNetworking.xcdatamodeld */; };
		8472D1FF1CAE53930003E35A /* FQAHCache.m in Sources */ = {isa = PBXBuildFile; fileRef = 8472D1D41CAE53930003E35A /* FQAHCache.m */; };
		8472D2001CAE53930003E35A /* FQAHCachedObject.m in Sources */ = {isa = PBXBuildFile; fileRef = 8472D1D61CAE53930003E35A /* FQAHCachedObject.m */; };
		8472D2011CAE53930003E35A /* NSArray+FQAHCategories.m in Sources */ = {isa = PBXBuildFile; fileRef = 8472D1DA1CAE53930003E35A /* NSArray+FQAHCategories.m */; };
		8472D2021CAE53930003E35A /* NSDictionary+FQAHCategories.m in Sources */ = {isa = PBXBuildFile; fileRef = 8472D1DC1CAE53930003E35A /* NSDictionary+FQAHCategories.m */; };
		8472D2031CAE53930003E35A /* NSFileManager+FQAHCategories.m in Sources */ = {isa = PBXBuildFile; fileRef = 8472D1DE1CAE53930003E35A /* NSFileManager+FQAHCategories.m */; };
		8472D2041CAE53930003E35A /* NSMutableString+FQAHCategories.m in Sources */ = {isa = PBXBuildFile; fileRef = 8472D1E01CAE53930003E35A /* NSMutableString+FQAHCategories.m */; };
		8472D2051CAE53930003E35A /* NSObject+FQAHCategories.m in Sources */ = {isa = PBXBuildFile; fileRef = 8472D1E21CAE53930003E35A /* NSObject+FQAHCategories.m */; };
		8472D2061CAE53930003E35A /* NSURLRequest+FQAHCategories.m in Sources */ = {isa = PBXBuildFile; fileRef = 8472D1E41CAE53930003E35A /* NSURLRequest+FQAHCategories.m */; };
		8472D2071CAE53930003E35A /* UIDevice+FQAHCategories.m in Sources */ = {isa = PBXBuildFile; fileRef = 8472D1E61CAE53930003E35A /* UIDevice+FQAHCategories.m */; };
		8472D2081CAE53930003E35A /* FQAHLogger.m in Sources */ = {isa = PBXBuildFile; fileRef = 8472D1E91CAE53930003E35A /* FQAHLogger.m */; };
		8472D2091CAE53930003E35A /* FQAHBaseNetwork.m in Sources */ = {isa = PBXBuildFile; fileRef = 8472D1EC1CAE53930003E35A /* FQAHBaseNetwork.m */; };
		8472D20A1CAE53930003E35A /* FQAHURLResponse.m in Sources */ = {isa = PBXBuildFile; fileRef = 8472D1EF1CAE53930003E35A /* FQAHURLResponse.m */; };
		8472D20B1CAE53930003E35A /* NetworkingManager.m in Sources */ = {isa = PBXBuildFile; fileRef = 8472D1F11CAE53930003E35A /* NetworkingManager.m */; };
		8472D20C1CAE53930003E35A /* FQAHPublicParameter.m in Sources */ = {isa = PBXBuildFile; fileRef = 8472D1F41CAE53930003E35A /* FQAHPublicParameter.m */; };
		8472D20D1CAE53930003E35A /* FQAHReachibility.m in Sources */ = {isa = PBXBuildFile; fileRef = 8472D1F71CAE53930003E35A /* FQAHReachibility.m */; };
		8472D20E1CAE53930003E35A /* BASEModel.m in Sources */ = {isa = PBXBuildFile; fileRef = 8472D1FA1CAE53930003E35A /* BASEModel.m */; };
		84B1E2041CAE5AC6004573F4 /* CHRevealViewController.m in Sources */ = {isa = PBXBuildFile; fileRef = 84B1E2031CAE5AC6004573F4 /* CHRevealViewController.m */; };
		84B1E2071CAE5B58004573F4 /* CHMainViewController.m in Sources */ = {isa = PBXBuildFile; fileRef = 84B1E2061CAE5B58004573F4 /* CHMainViewController.m */; };
		84B1E20A1CAE5E84004573F4 /* CHMenuViewController.m in Sources */ = {isa = PBXBuildFile; fileRef = 84B1E2091CAE5E84004573F4 /* CHMenuViewController.m */; };
		84B1E20D1CAE5FEA004573F4 /* CHRootViewController.m in Sources */ = {isa = PBXBuildFile; fileRef = 84B1E20C1CAE5FEA004573F4 /* CHRootViewController.m */; };
		84B1E2AB1CAE76C4004573F4 /* libz.tbd in Frameworks */ = {isa = PBXBuildFile; fileRef = 84B1E2AA1CAE76C4004573F4 /* libz.tbd */; };
		84B1E2F81CAE77BA004573F4 /* NSData+Ghost.m in Sources */ = {isa = PBXBuildFile; fileRef = 84B1E2B01CAE77BA004573F4 /* NSData+Ghost.m */; };
		84B1E2F91CAE77BA004573F4 /* NSDate+Ghost.m in Sources */ = {isa = PBXBuildFile; fileRef = 84B1E2B21CAE77BA004573F4 /* NSDate+Ghost.m */; };
		84B1E2FA1CAE77BA004573F4 /* NSDate+HYQFormatter.m in Sources */ = {isa = PBXBuildFile; fileRef = 84B1E2B41CAE77BA004573F4 /* NSDate+HYQFormatter.m */; };
		84B1E2FB1CAE77BA004573F4 /* NSDictionary+Categories.m in Sources */ = {isa = PBXBuildFile; fileRef = 84B1E2B61CAE77BA004573F4 /* NSDictionary+Categories.m */; };
		84B1E2FC1CAE77BA004573F4 /* NSFileManager+Ghost.m in Sources */ = {isa = PBXBuildFile; fileRef = 84B1E2B81CAE77BA004573F4 /* NSFileManager+Ghost.m */; };
		84B1E2FD1CAE77BA004573F4 /* NSFileManager+SaveAndRead.m in Sources */ = {isa = PBXBuildFile; fileRef = 84B1E2BA1CAE77BA004573F4 /* NSFileManager+SaveAndRead.m */; };
		84B1E2FE1CAE77BA004573F4 /* NSObject+Categories.m in Sources */ = {isa = PBXBuildFile; fileRef = 84B1E2BC1CAE77BA004573F4 /* NSObject+Categories.m */; };
		84B1E2FF1CAE77BA004573F4 /* NSString+Ghost.m in Sources */ = {isa = PBXBuildFile; fileRef = 84B1E2BE1CAE77BA004573F4 /* NSString+Ghost.m */; };
		84B1E3001CAE77BA004573F4 /* NSString+HYQCategory.m in Sources */ = {isa = PBXBuildFile; fileRef = 84B1E2C01CAE77BA004573F4 /* NSString+HYQCategory.m */; };
		84B1E3011CAE77BA004573F4 /* NSString+Pinyin.m in Sources */ = {isa = PBXBuildFile; fileRef = 84B1E2C21CAE77BA004573F4 /* NSString+Pinyin.m */; };
		84B1E3021CAE77BA004573F4 /* UIApplication+Categories.m in Sources */ = {isa = PBXBuildFile; fileRef = 84B1E2C41CAE77BA004573F4 /* UIApplication+Categories.m */; };
		84B1E3031CAE77BA004573F4 /* UIColor+HexRGB.m in Sources */ = {isa = PBXBuildFile; fileRef = 84B1E2C61CAE77BA004573F4 /* UIColor+HexRGB.m */; };
		84B1E3041CAE77BA004573F4 /* UIColor+Random.m in Sources */ = {isa = PBXBuildFile; fileRef = 84B1E2C81CAE77BA004573F4 /* UIColor+Random.m */; };
		84B1E3051CAE77BA004573F4 /* UIControl+Categories.m in Sources */ = {isa = PBXBuildFile; fileRef = 84B1E2CA1CAE77BA004573F4 /* UIControl+Categories.m */; };
		84B1E3061CAE77BA004573F4 /* UIDevice+Hardware.m in Sources */ = {isa = PBXBuildFile; fileRef = 84B1E2CC1CAE77BA004573F4 /* UIDevice+Hardware.m */; };
		84B1E3071CAE77BA004573F4 /* UIResponder+Ghost.m in Sources */ = {isa = PBXBuildFile; fileRef = 84B1E2CE1CAE77BA004573F4 /* UIResponder+Ghost.m */; };
		84B1E3081CAE77BA004573F4 /* NSString+Size.m in Sources */ = {isa = PBXBuildFile; fileRef = 84B1E2D21CAE77BA004573F4 /* NSString+Size.m */; };
		84B1E3091CAE77BA004573F4 /* UIButton+CountDown.m in Sources */ = {isa = PBXBuildFile; fileRef = 84B1E2D41CAE77BA004573F4 /* UIButton+CountDown.m */; };
		84B1E30A1CAE77BA004573F4 /* UIButton+UIButton_BackgroundImageButton.m in Sources */ = {isa = PBXBuildFile; fileRef = 84B1E2D61CAE77BA004573F4 /* UIButton+UIButton_BackgroundImageButton.m */; };
		84B1E30B1CAE77BA004573F4 /* UIColor+Gradient.m in Sources */ = {isa = PBXBuildFile; fileRef = 84B1E2D81CAE77BA004573F4 /* UIColor+Gradient.m */; };
		84B1E30C1CAE77BA004573F4 /* UIImage+Blur.m in Sources */ = {isa = PBXBuildFile; fileRef = 84B1E2DA1CAE77BA004573F4 /* UIImage+Blur.m */; };
		84B1E30D1CAE77BA004573F4 /* UIImage+Color.m in Sources */ = {isa = PBXBuildFile; fileRef = 84B1E2DC1CAE77BA004573F4 /* UIImage+Color.m */; };
		84B1E30E1CAE77BA004573F4 /* UIImage+Extention.m in Sources */ = {isa = PBXBuildFile; fileRef = 84B1E2DE1CAE77BA004573F4 /* UIImage+Extention.m */; };
		84B1E30F1CAE77BA004573F4 /* UIImage+Orientation.m in Sources */ = {isa = PBXBuildFile; fileRef = 84B1E2E01CAE77BA004573F4 /* UIImage+Orientation.m */; };
		84B1E3101CAE77BA004573F4 /* UINavigationBar+Awesome.m in Sources */ = {isa = PBXBuildFile; fileRef = 84B1E2E21CAE77BA004573F4 /* UINavigationBar+Awesome.m */; };
		84B1E3111CAE77BA004573F4 /* UINavigationController+Categories.m in Sources */ = {isa = PBXBuildFile; fileRef = 84B1E2E41CAE77BA004573F4 /* UINavigationController+Categories.m */; };
		84B1E3121CAE77BA004573F4 /* UINavigationController+FDFullscreenPopGesture.m in Sources */ = {isa = PBXBuildFile; fileRef = 84B1E2E61CAE77BA004573F4 /* UINavigationController+FDFullscreenPopGesture.m */; };
		84B1E3131CAE77BA004573F4 /* UIScrollView+Categories.m in Sources */ = {isa = PBXBuildFile; fileRef = 84B1E2E91CAE77BA004573F4 /* UIScrollView+Categories.m */; };
		84B1E3141CAE77BA004573F4 /* UITableView+Categories.m in Sources */ = {isa = PBXBuildFile; fileRef = 84B1E2EB1CAE77BA004573F4 /* UITableView+Categories.m */; };
		84B1E3151CAE77BA004573F4 /* UIView+BlockGesture.m in Sources */ = {isa = PBXBuildFile; fileRef = 84B1E2ED1CAE77BA004573F4 /* UIView+BlockGesture.m */; };
		84B1E3161CAE77BA004573F4 /* UIView+Categories.m in Sources */ = {isa = PBXBuildFile; fileRef = 84B1E2EF1CAE77BA004573F4 /* UIView+Categories.m */; };
		84B1E3171CAE77BA004573F4 /* UIView+Extension.m in Sources */ = {isa = PBXBuildFile; fileRef = 84B1E2F11CAE77BA004573F4 /* UIView+Extension.m */; };
		84B1E3181CAE77BA004573F4 /* UIViewController+Handle.m in Sources */ = {isa = PBXBuildFile; fileRef = 84B1E2F31CAE77BA004573F4 /* UIViewController+Handle.m */; };
		84B1E3191CAE77BA004573F4 /* UIViewController+Swizzle.m in Sources */ = {isa = PBXBuildFile; fileRef = 84B1E2F51CAE77BA004573F4 /* UIViewController+Swizzle.m */; };
		84B1E31A1CAE77BA004573F4 /* UIWebView+JavaScriptAlertCategory.m in Sources */ = {isa = PBXBuildFile; fileRef = 84B1E2F71CAE77BA004573F4 /* UIWebView+JavaScriptAlertCategory.m */; };
		84B1E32B1CB38A8D004573F4 /* CHTextField.m in Sources */ = {isa = PBXBuildFile; fileRef = 84B1E32A1CB38A8D004573F4 /* CHTextField.m */; };
		84B1E3301CB3C698004573F4 /* CHUnitCell.m in Sources */ = {isa = PBXBuildFile; fileRef = 84B1E32F1CB3C698004573F4 /* CHUnitCell.m */; };
		84B1E3331CB3C7E2004573F4 /* CHUnitAvatarCell.m in Sources */ = {isa = PBXBuildFile; fileRef = 84B1E3321CB3C7E2004573F4 /* CHUnitAvatarCell.m */; };
		84B1E3381CB3CDF6004573F4 /* HYQActionSheet.m in Sources */ = {isa = PBXBuildFile; fileRef = 84B1E3351CB3CDF6004573F4 /* HYQActionSheet.m */; };
		84B1E3391CB3CDF6004573F4 /* HYQAlertView.m in Sources */ = {isa = PBXBuildFile; fileRef = 84B1E3371CB3CDF6004573F4 /* HYQAlertView.m */; };
		84B1E33C1CB3CF0D004573F4 /* HYQHelperCamera.m in Sources */ = {isa = PBXBuildFile; fileRef = 84B1E33B1CB3CF0D004573F4 /* HYQHelperCamera.m */; };
		84F1F4BE1CAD2CB60061AACC /* CoreData.framework in Frameworks */ = {isa = PBXBuildFile; fileRef = 84F1F4BD1CAD2CB60061AACC /* CoreData.framework */; };
		84FEA6D21CB5082E00ADA967 /* CHBindController.m in Sources */ = {isa = PBXBuildFile; fileRef = 84FEA6D11CB5082E00ADA967 /* CHBindController.m */; };
		84FEA6D71CB50B8000ADA967 /* CoreGraphics.framework in Frameworks */ = {isa = PBXBuildFile; fileRef = 84FEA6D61CB50B8000ADA967 /* CoreGraphics.framework */; };
		84FEA6DD1CB50C8400ADA967 /* JRGraphView.m in Sources */ = {isa = PBXBuildFile; fileRef = 84FEA6DC1CB50C8400ADA967 /* JRGraphView.m */; };
		84FEA6E01CB516F600ADA967 /* CHMessageController.m in Sources */ = {isa = PBXBuildFile; fileRef = 84FEA6DF1CB516F600ADA967 /* CHMessageController.m */; };
		84FEA6E31CB51EA500ADA967 /* CHChangeNameController.m in Sources */ = {isa = PBXBuildFile; fileRef = 84FEA6E21CB51EA500ADA967 /* CHChangeNameController.m */; };
/* End PBXBuildFile section */

/* Begin PBXFileReference section */
		32E958EE73A4318A56D03553 /* Pods-CHCloudHealth.release.xcconfig */ = {isa = PBXFileReference; includeInIndex = 1; lastKnownFileType = text.xcconfig; name = "Pods-CHCloudHealth.release.xcconfig"; path = "Pods/Target Support Files/Pods-CHCloudHealth/Pods-CHCloudHealth.release.xcconfig"; sourceTree = "<group>"; };
		5A7A51FD90EC5FD877E25B1E /* libPods-CHCloudHealth.a */ = {isa = PBXFileReference; explicitFileType = archive.ar; includeInIndex = 0; path = "libPods-CHCloudHealth.a"; sourceTree = BUILT_PRODUCTS_DIR; };
		6315228D1CB55A4F00D8B160 /* CHHealthReportController.h */ = {isa = PBXFileReference; fileEncoding = 4; lastKnownFileType = sourcecode.c.h; path = CHHealthReportController.h; sourceTree = "<group>"; };
		6315228E1CB55A4F00D8B160 /* CHHealthReportController.m */ = {isa = PBXFileReference; fileEncoding = 4; lastKnownFileType = sourcecode.c.objc; path = CHHealthReportController.m; sourceTree = "<group>"; };
		631522901CB56BD900D8B160 /* CHLocationAreaController.h */ = {isa = PBXFileReference; fileEncoding = 4; lastKnownFileType = sourcecode.c.h; path = CHLocationAreaController.h; sourceTree = "<group>"; };
		631522911CB56BD900D8B160 /* CHLocationAreaController.m */ = {isa = PBXFileReference; fileEncoding = 4; lastKnownFileType = sourcecode.c.objc; path = CHLocationAreaController.m; sourceTree = "<group>"; };
		63412E211CB2628B00FAD0DA /* UIStoryboard+Categories.h */ = {isa = PBXFileReference; fileEncoding = 4; lastKnownFileType = sourcecode.c.h; path = "UIStoryboard+Categories.h"; sourceTree = "<group>"; };
		63412E221CB2628B00FAD0DA /* UIStoryboard+Categories.m */ = {isa = PBXFileReference; fileEncoding = 4; lastKnownFileType = sourcecode.c.objc; path = "UIStoryboard+Categories.m"; sourceTree = "<group>"; };
		63412E251CB2634600FAD0DA /* CHLoginController.h */ = {isa = PBXFileReference; fileEncoding = 4; lastKnownFileType = sourcecode.c.h; path = CHLoginController.h; sourceTree = "<group>"; };
		63412E261CB2634600FAD0DA /* CHLoginController.m */ = {isa = PBXFileReference; fileEncoding = 4; lastKnownFileType = sourcecode.c.objc; path = CHLoginController.m; sourceTree = "<group>"; };
		63412E281CB2717B00FAD0DA /* CHRegisterController.h */ = {isa = PBXFileReference; fileEncoding = 4; lastKnownFileType = sourcecode.c.h; path = CHRegisterController.h; sourceTree = "<group>"; };
		63412E291CB2717B00FAD0DA /* CHRegisterController.m */ = {isa = PBXFileReference; fileEncoding = 4; lastKnownFileType = sourcecode.c.objc; path = CHRegisterController.m; sourceTree = "<group>"; };
		63412E2B1CB273CA00FAD0DA /* CHBaseNavigationController.h */ = {isa = PBXFileReference; fileEncoding = 4; lastKnownFileType = sourcecode.c.h; path = CHBaseNavigationController.h; sourceTree = "<group>"; };
		63412E2C1CB273CA00FAD0DA /* CHBaseNavigationController.m */ = {isa = PBXFileReference; fileEncoding = 4; lastKnownFileType = sourcecode.c.objc; path = CHBaseNavigationController.m; sourceTree = "<group>"; };
		63412E2E1CB279B300FAD0DA /* CHResetPsdStep1Controller.h */ = {isa = PBXFileReference; fileEncoding = 4; lastKnownFileType = sourcecode.c.h; path = CHResetPsdStep1Controller.h; sourceTree = "<group>"; };
		63412E2F1CB279B300FAD0DA /* CHResetPsdStep1Controller.m */ = {isa = PBXFileReference; fileEncoding = 4; lastKnownFileType = sourcecode.c.objc; path = CHResetPsdStep1Controller.m; sourceTree = "<group>"; };
		63412E311CB279C000FAD0DA /* CHResetPsdStep2Controller.h */ = {isa = PBXFileReference; fileEncoding = 4; lastKnownFileType = sourcecode.c.h; path = CHResetPsdStep2Controller.h; sourceTree = "<group>"; };
		63412E321CB279C000FAD0DA /* CHResetPsdStep2Controller.m */ = {isa = PBXFileReference; fileEncoding = 4; lastKnownFileType = sourcecode.c.objc; path = CHResetPsdStep2Controller.m; sourceTree = "<group>"; };
		63412E351CB27C9100FAD0DA /* CHUser.h */ = {isa = PBXFileReference; fileEncoding = 4; lastKnownFileType = sourcecode.c.h; path = CHUser.h; sourceTree = "<group>"; };
		63412E361CB27C9100FAD0DA /* CHUser.m */ = {isa = PBXFileReference; fileEncoding = 4; lastKnownFileType = sourcecode.c.objc; path = CHUser.m; sourceTree = "<group>"; };
		63412E381CB285B100FAD0DA /* UITableView+Empty.h */ = {isa = PBXFileReference; fileEncoding = 4; lastKnownFileType = sourcecode.c.h; path = "UITableView+Empty.h"; sourceTree = "<group>"; };
		63412E391CB285B100FAD0DA /* UITableView+Empty.m */ = {isa = PBXFileReference; fileEncoding = 4; lastKnownFileType = sourcecode.c.objc; path = "UITableView+Empty.m"; sourceTree = "<group>"; };
		63412E3B1CB285F900FAD0DA /* UIScrollView+EmptyDataSet.h */ = {isa = PBXFileReference; fileEncoding = 4; lastKnownFileType = sourcecode.c.h; path = "UIScrollView+EmptyDataSet.h"; sourceTree = "<group>"; };
		63412E3C1CB285F900FAD0DA /* UIScrollView+EmptyDataSet.m */ = {isa = PBXFileReference; fileEncoding = 4; lastKnownFileType = sourcecode.c.objc; path = "UIScrollView+EmptyDataSet.m"; sourceTree = "<group>"; };
		63412E3E1CB2860700FAD0DA /* DZNEmptyDataSetView.h */ = {isa = PBXFileReference; fileEncoding = 4; lastKnownFileType = sourcecode.c.h; path = DZNEmptyDataSetView.h; sourceTree = "<group>"; };
		63412E3F1CB2860700FAD0DA /* DZNEmptyDataSetView.m */ = {isa = PBXFileReference; fileEncoding = 4; lastKnownFileType = sourcecode.c.objc; path = DZNEmptyDataSetView.m; sourceTree = "<group>"; };
		63412E421CB2A24700FAD0DA /* CHUserInfoController.h */ = {isa = PBXFileReference; fileEncoding = 4; lastKnownFileType = sourcecode.c.h; path = CHUserInfoController.h; sourceTree = "<group>"; };
		63412E431CB2A24700FAD0DA /* CHUserInfoController.m */ = {isa = PBXFileReference; fileEncoding = 4; lastKnownFileType = sourcecode.c.objc; path = CHUserInfoController.m; sourceTree = "<group>"; };
		63412E451CB2A28100FAD0DA /* CHRelationShipController.h */ = {isa = PBXFileReference; fileEncoding = 4; lastKnownFileType = sourcecode.c.h; path = CHRelationShipController.h; sourceTree = "<group>"; };
		63412E461CB2A28100FAD0DA /* CHRelationShipController.m */ = {isa = PBXFileReference; fileEncoding = 4; lastKnownFileType = sourcecode.c.objc; path = CHRelationShipController.m; sourceTree = "<group>"; };
		63412E481CB2A29F00FAD0DA /* CHCareAreaController.h */ = {isa = PBXFileReference; fileEncoding = 4; lastKnownFileType = sourcecode.c.h; path = CHCareAreaController.h; sourceTree = "<group>"; };
		63412E491CB2A29F00FAD0DA /* CHCareAreaController.m */ = {isa = PBXFileReference; fileEncoding = 4; lastKnownFileType = sourcecode.c.objc; path = CHCareAreaController.m; sourceTree = "<group>"; };
		63412E4B1CB2A2C500FAD0DA /* CHLocationMonitorController.h */ = {isa = PBXFileReference; fileEncoding = 4; lastKnownFileType = sourcecode.c.h; path = CHLocationMonitorController.h; sourceTree = "<group>"; };
		63412E4C1CB2A2C500FAD0DA /* CHLocationMonitorController.m */ = {isa = PBXFileReference; fileEncoding = 4; lastKnownFileType = sourcecode.c.objc; path = CHLocationMonitorController.m; sourceTree = "<group>"; };
		63412E4E1CB2A2E800FAD0DA /* CHMonitorCareController.h */ = {isa = PBXFileReference; fileEncoding = 4; lastKnownFileType = sourcecode.c.h; path = CHMonitorCareController.h; sourceTree = "<group>"; };
		63412E4F1CB2A2E800FAD0DA /* CHMonitorCareController.m */ = {isa = PBXFileReference; fileEncoding = 4; lastKnownFileType = sourcecode.c.objc; path = CHMonitorCareController.m; sourceTree = "<group>"; };
		63412E511CB2A33F00FAD0DA /* CHMedicineReminderController.h */ = {isa = PBXFileReference; fileEncoding = 4; lastKnownFileType = sourcecode.c.h; path = CHMedicineReminderController.h; sourceTree = "<group>"; };
		63412E521CB2A33F00FAD0DA /* CHMedicineReminderController.m */ = {isa = PBXFileReference; fileEncoding = 4; lastKnownFileType = sourcecode.c.objc; path = CHMedicineReminderController.m; sourceTree = "<group>"; };
		63412E541CB2A35100FAD0DA /* CHSOSSetController.h */ = {isa = PBXFileReference; fileEncoding = 4; lastKnownFileType = sourcecode.c.h; path = CHSOSSetController.h; sourceTree = "<group>"; };
		63412E551CB2A35100FAD0DA /* CHSOSSetController.m */ = {isa = PBXFileReference; fileEncoding = 4; lastKnownFileType = sourcecode.c.objc; path = CHSOSSetController.m; sourceTree = "<group>"; };
		63412E571CB2A36700FAD0DA /* CHAPPManagerController.h */ = {isa = PBXFileReference; fileEncoding = 4; lastKnownFileType = sourcecode.c.h; path = CHAPPManagerController.h; sourceTree = "<group>"; };
		63412E581CB2A36700FAD0DA /* CHAPPManagerController.m */ = {isa = PBXFileReference; fileEncoding = 4; lastKnownFileType = sourcecode.c.objc; path = CHAPPManagerController.m; sourceTree = "<group>"; };
		63412E5C1CB2A58400FAD0DA /* CHMainHeaderCell.h */ = {isa = PBXFileReference; fileEncoding = 4; lastKnownFileType = sourcecode.c.h; path = CHMainHeaderCell.h; sourceTree = "<group>"; };
		63412E5D1CB2A58400FAD0DA /* CHMainHeaderCell.m */ = {isa = PBXFileReference; fileEncoding = 4; lastKnownFileType = sourcecode.c.objc; path = CHMainHeaderCell.m; sourceTree = "<group>"; };
		63412E5F1CB2B31900FAD0DA /* CHMainStateCell.h */ = {isa = PBXFileReference; fileEncoding = 4; lastKnownFileType = sourcecode.c.h; path = CHMainStateCell.h; sourceTree = "<group>"; };
		63412E601CB2B31900FAD0DA /* CHMainStateCell.m */ = {isa = PBXFileReference; fileEncoding = 4; lastKnownFileType = sourcecode.c.objc; path = CHMainStateCell.m; sourceTree = "<group>"; };
		637339A21CB69F750018FE46 /* CHSwitchCell.h */ = {isa = PBXFileReference; fileEncoding = 4; lastKnownFileType = sourcecode.c.h; path = CHSwitchCell.h; sourceTree = "<group>"; };
		637339A31CB69F750018FE46 /* CHSwitchCell.m */ = {isa = PBXFileReference; fileEncoding = 4; lastKnownFileType = sourcecode.c.objc; path = CHSwitchCell.m; sourceTree = "<group>"; };
		637339A51CB6A2C50018FE46 /* CHMonitorCell.h */ = {isa = PBXFileReference; fileEncoding = 4; lastKnownFileType = sourcecode.c.h; path = CHMonitorCell.h; sourceTree = "<group>"; };
		637339A61CB6A2C50018FE46 /* CHMonitorCell.m */ = {isa = PBXFileReference; fileEncoding = 4; lastKnownFileType = sourcecode.c.objc; path = CHMonitorCell.m; sourceTree = "<group>"; };
		63A29B451CB0D23C009C61B2 /* HYQHelperHUD.h */ = {isa = PBXFileReference; fileEncoding = 4; lastKnownFileType = sourcecode.c.h; path = HYQHelperHUD.h; sourceTree = "<group>"; };
		63A29B461CB0D23C009C61B2 /* HYQHelperHUD.m */ = {isa = PBXFileReference; fileEncoding = 4; lastKnownFileType = sourcecode.c.objc; path = HYQHelperHUD.m; sourceTree = "<group>"; };
		63A4475F1CB4087B00046DC7 /* CHStatisticsController.h */ = {isa = PBXFileReference; fileEncoding = 4; lastKnownFileType = sourcecode.c.h; path = CHStatisticsController.h; sourceTree = "<group>"; };
		63A447601CB4087B00046DC7 /* CHStatisticsController.m */ = {isa = PBXFileReference; fileEncoding = 4; lastKnownFileType = sourcecode.c.objc; path = CHStatisticsController.m; sourceTree = "<group>"; };
		63B983901CB8AF3400150EA2 /* CHSetTimeIntervalController.h */ = {isa = PBXFileReference; fileEncoding = 4; lastKnownFileType = sourcecode.c.h; path = CHSetTimeIntervalController.h; sourceTree = "<group>"; };
		63B983911CB8AF3400150EA2 /* CHSetTimeIntervalController.m */ = {isa = PBXFileReference; fileEncoding = 4; lastKnownFileType = sourcecode.c.objc; path = CHSetTimeIntervalController.m; sourceTree = "<group>"; };
		63D9F7E71CB0C47E009BF266 /* bg_login.png */ = {isa = PBXFileReference; lastKnownFileType = image.png; path = bg_login.png; sourceTree = "<group>"; };
		63D9F7EC1CB0C52A009BF266 /* Base */ = {isa = PBXFileReference; lastKnownFileType = file.storyboard; name = Base; path = Base.lproj/Login.storyboard; sourceTree = "<group>"; };
		8464DE0D1CAA48C7000B987E /* CHCloudHealth.app */ = {isa = PBXFileReference; explicitFileType = wrapper.application; includeInIndex = 0; path = CHCloudHealth.app; sourceTree = BUILT_PRODUCTS_DIR; };
		8464DE111CAA48C7000B987E /* main.m */ = {isa = PBXFileReference; lastKnownFileType = sourcecode.c.objc; path = main.m; sourceTree = "<group>"; };
		8464DE131CAA48C7000B987E /* AppDelegate.h */ = {isa = PBXFileReference; lastKnownFileType = sourcecode.c.h; path = AppDelegate.h; sourceTree = "<group>"; };
		8464DE141CAA48C7000B987E /* AppDelegate.m */ = {isa = PBXFileReference; lastKnownFileType = sourcecode.c.objc; path = AppDelegate.m; sourceTree = "<group>"; };
		8464DE161CAA48C7000B987E /* ViewController.h */ = {isa = PBXFileReference; lastKnownFileType = sourcecode.c.h; path = ViewController.h; sourceTree = "<group>"; };
		8464DE171CAA48C7000B987E /* ViewController.m */ = {isa = PBXFileReference; lastKnownFileType = sourcecode.c.objc; path = ViewController.m; sourceTree = "<group>"; };
		8464DE1A1CAA48C7000B987E /* Base */ = {isa = PBXFileReference; lastKnownFileType = file.storyboard; name = Base; path = Base.lproj/Main.storyboard; sourceTree = "<group>"; };
		8464DE1C1CAA48C7000B987E /* Assets.xcassets */ = {isa = PBXFileReference; lastKnownFileType = folder.assetcatalog; path = Assets.xcassets; sourceTree = "<group>"; };
		8464DE1F1CAA48C7000B987E /* Base */ = {isa = PBXFileReference; lastKnownFileType = file.storyboard; name = Base; path = Base.lproj/LaunchScreen.storyboard; sourceTree = "<group>"; };
		8464DE211CAA48C7000B987E /* Info.plist */ = {isa = PBXFileReference; lastKnownFileType = text.plist.xml; path = Info.plist; sourceTree = "<group>"; };
		8472D1CA1CAE53930003E35A /* FQAHDiskCache.h */ = {isa = PBXFileReference; fileEncoding = 4; lastKnownFileType = sourcecode.c.h; path = FQAHDiskCache.h; sourceTree = "<group>"; };
		8472D1CB1CAE53930003E35A /* FQAHDiskCache.m */ = {isa = PBXFileReference; fileEncoding = 4; lastKnownFileType = sourcecode.c.objc; path = FQAHDiskCache.m; sourceTree = "<group>"; };
		8472D1CC1CAE53930003E35A /* FQAHDiskCachedObject+CoreDataProperties.h */ = {isa = PBXFileReference; fileEncoding = 4; lastKnownFileType = sourcecode.c.h; path = "FQAHDiskCachedObject+CoreDataProperties.h"; sourceTree = "<group>"; };
		8472D1CD1CAE53930003E35A /* FQAHDiskCachedObject+CoreDataProperties.m */ = {isa = PBXFileReference; fileEncoding = 4; lastKnownFileType = sourcecode.c.objc; path = "FQAHDiskCachedObject+CoreDataProperties.m"; sourceTree = "<group>"; };
		8472D1CE1CAE53930003E35A /* FQAHDiskCachedObject.h */ = {isa = PBXFileReference; fileEncoding = 4; lastKnownFileType = sourcecode.c.h; path = FQAHDiskCachedObject.h; sourceTree = "<group>"; };
		8472D1CF1CAE53930003E35A /* FQAHDiskCachedObject.m */ = {isa = PBXFileReference; fileEncoding = 4; lastKnownFileType = sourcecode.c.objc; path = FQAHDiskCachedObject.m; sourceTree = "<group>"; };
		8472D1D11CAE53930003E35A /* FQAHNetworking.xcdatamodel */ = {isa = PBXFileReference; lastKnownFileType = wrapper.xcdatamodel; path = FQAHNetworking.xcdatamodel; sourceTree = "<group>"; };
		8472D1D31CAE53930003E35A /* FQAHCache.h */ = {isa = PBXFileReference; fileEncoding = 4; lastKnownFileType = sourcecode.c.h; path = FQAHCache.h; sourceTree = "<group>"; };
		8472D1D41CAE53930003E35A /* FQAHCache.m */ = {isa = PBXFileReference; fileEncoding = 4; lastKnownFileType = sourcecode.c.objc; path = FQAHCache.m; sourceTree = "<group>"; };
		8472D1D51CAE53930003E35A /* FQAHCachedObject.h */ = {isa = PBXFileReference; fileEncoding = 4; lastKnownFileType = sourcecode.c.h; path = FQAHCachedObject.h; sourceTree = "<group>"; };
		8472D1D61CAE53930003E35A /* FQAHCachedObject.m */ = {isa = PBXFileReference; fileEncoding = 4; lastKnownFileType = sourcecode.c.objc; path = FQAHCachedObject.m; sourceTree = "<group>"; };
		8472D1D81CAE53930003E35A /* FQAHCategoriesHeader.h */ = {isa = PBXFileReference; fileEncoding = 4; lastKnownFileType = sourcecode.c.h; path = FQAHCategoriesHeader.h; sourceTree = "<group>"; };
		8472D1D91CAE53930003E35A /* NSArray+FQAHCategories.h */ = {isa = PBXFileReference; fileEncoding = 4; lastKnownFileType = sourcecode.c.h; path = "NSArray+FQAHCategories.h"; sourceTree = "<group>"; };
		8472D1DA1CAE53930003E35A /* NSArray+FQAHCategories.m */ = {isa = PBXFileReference; fileEncoding = 4; lastKnownFileType = sourcecode.c.objc; path = "NSArray+FQAHCategories.m"; sourceTree = "<group>"; };
		8472D1DB1CAE53930003E35A /* NSDictionary+FQAHCategories.h */ = {isa = PBXFileReference; fileEncoding = 4; lastKnownFileType = sourcecode.c.h; path = "NSDictionary+FQAHCategories.h"; sourceTree = "<group>"; };
		8472D1DC1CAE53930003E35A /* NSDictionary+FQAHCategories.m */ = {isa = PBXFileReference; fileEncoding = 4; lastKnownFileType = sourcecode.c.objc; path = "NSDictionary+FQAHCategories.m"; sourceTree = "<group>"; };
		8472D1DD1CAE53930003E35A /* NSFileManager+FQAHCategories.h */ = {isa = PBXFileReference; fileEncoding = 4; lastKnownFileType = sourcecode.c.h; path = "NSFileManager+FQAHCategories.h"; sourceTree = "<group>"; };
		8472D1DE1CAE53930003E35A /* NSFileManager+FQAHCategories.m */ = {isa = PBXFileReference; fileEncoding = 4; lastKnownFileType = sourcecode.c.objc; path = "NSFileManager+FQAHCategories.m"; sourceTree = "<group>"; };
		8472D1DF1CAE53930003E35A /* NSMutableString+FQAHCategories.h */ = {isa = PBXFileReference; fileEncoding = 4; lastKnownFileType = sourcecode.c.h; path = "NSMutableString+FQAHCategories.h"; sourceTree = "<group>"; };
		8472D1E01CAE53930003E35A /* NSMutableString+FQAHCategories.m */ = {isa = PBXFileReference; fileEncoding = 4; lastKnownFileType = sourcecode.c.objc; path = "NSMutableString+FQAHCategories.m"; sourceTree = "<group>"; };
		8472D1E11CAE53930003E35A /* NSObject+FQAHCategories.h */ = {isa = PBXFileReference; fileEncoding = 4; lastKnownFileType = sourcecode.c.h; path = "NSObject+FQAHCategories.h"; sourceTree = "<group>"; };
		8472D1E21CAE53930003E35A /* NSObject+FQAHCategories.m */ = {isa = PBXFileReference; fileEncoding = 4; lastKnownFileType = sourcecode.c.objc; path = "NSObject+FQAHCategories.m"; sourceTree = "<group>"; };
		8472D1E31CAE53930003E35A /* NSURLRequest+FQAHCategories.h */ = {isa = PBXFileReference; fileEncoding = 4; lastKnownFileType = sourcecode.c.h; path = "NSURLRequest+FQAHCategories.h"; sourceTree = "<group>"; };
		8472D1E41CAE53930003E35A /* NSURLRequest+FQAHCategories.m */ = {isa = PBXFileReference; fileEncoding = 4; lastKnownFileType = sourcecode.c.objc; path = "NSURLRequest+FQAHCategories.m"; sourceTree = "<group>"; };
		8472D1E51CAE53930003E35A /* UIDevice+FQAHCategories.h */ = {isa = PBXFileReference; fileEncoding = 4; lastKnownFileType = sourcecode.c.h; path = "UIDevice+FQAHCategories.h"; sourceTree = "<group>"; };
		8472D1E61CAE53930003E35A /* UIDevice+FQAHCategories.m */ = {isa = PBXFileReference; fileEncoding = 4; lastKnownFileType = sourcecode.c.objc; path = "UIDevice+FQAHCategories.m"; sourceTree = "<group>"; };
		8472D1E81CAE53930003E35A /* FQAHLogger.h */ = {isa = PBXFileReference; fileEncoding = 4; lastKnownFileType = sourcecode.c.h; path = FQAHLogger.h; sourceTree = "<group>"; };
		8472D1E91CAE53930003E35A /* FQAHLogger.m */ = {isa = PBXFileReference; fileEncoding = 4; lastKnownFileType = sourcecode.c.objc; path = FQAHLogger.m; sourceTree = "<group>"; };
		8472D1EB1CAE53930003E35A /* FQAHBaseNetwork.h */ = {isa = PBXFileReference; fileEncoding = 4; lastKnownFileType = sourcecode.c.h; path = FQAHBaseNetwork.h; sourceTree = "<group>"; };
		8472D1EC1CAE53930003E35A /* FQAHBaseNetwork.m */ = {isa = PBXFileReference; fileEncoding = 4; lastKnownFileType = sourcecode.c.objc; path = FQAHBaseNetwork.m; sourceTree = "<group>"; };
		8472D1ED1CAE53930003E35A /* FQAHNTConfiguration.h */ = {isa = PBXFileReference; fileEncoding = 4; lastKnownFileType = sourcecode.c.h; path = FQAHNTConfiguration.h; sourceTree = "<group>"; };
		8472D1EE1CAE53930003E35A /* FQAHURLResponse.h */ = {isa = PBXFileReference; fileEncoding = 4; lastKnownFileType = sourcecode.c.h; path = FQAHURLResponse.h; sourceTree = "<group>"; };
		8472D1EF1CAE53930003E35A /* FQAHURLResponse.m */ = {isa = PBXFileReference; fileEncoding = 4; lastKnownFileType = sourcecode.c.objc; path = FQAHURLResponse.m; sourceTree = "<group>"; };
		8472D1F01CAE53930003E35A /* NetworkingManager.h */ = {isa = PBXFileReference; fileEncoding = 4; lastKnownFileType = sourcecode.c.h; path = NetworkingManager.h; sourceTree = "<group>"; };
		8472D1F11CAE53930003E35A /* NetworkingManager.m */ = {isa = PBXFileReference; fileEncoding = 4; lastKnownFileType = sourcecode.c.objc; path = NetworkingManager.m; sourceTree = "<group>"; };
		8472D1F31CAE53930003E35A /* FQAHPublicParameter.h */ = {isa = PBXFileReference; fileEncoding = 4; lastKnownFileType = sourcecode.c.h; path = FQAHPublicParameter.h; sourceTree = "<group>"; };
		8472D1F41CAE53930003E35A /* FQAHPublicParameter.m */ = {isa = PBXFileReference; fileEncoding = 4; lastKnownFileType = sourcecode.c.objc; path = FQAHPublicParameter.m; sourceTree = "<group>"; };
		8472D1F61CAE53930003E35A /* FQAHReachibility.h */ = {isa = PBXFileReference; fileEncoding = 4; lastKnownFileType = sourcecode.c.h; path = FQAHReachibility.h; sourceTree = "<group>"; };
		8472D1F71CAE53930003E35A /* FQAHReachibility.m */ = {isa = PBXFileReference; fileEncoding = 4; lastKnownFileType = sourcecode.c.objc; path = FQAHReachibility.m; sourceTree = "<group>"; };
		8472D1F91CAE53930003E35A /* BASEModel.h */ = {isa = PBXFileReference; fileEncoding = 4; lastKnownFileType = sourcecode.c.h; path = BASEModel.h; sourceTree = "<group>"; };
		8472D1FA1CAE53930003E35A /* BASEModel.m */ = {isa = PBXFileReference; fileEncoding = 4; lastKnownFileType = sourcecode.c.objc; path = BASEModel.m; sourceTree = "<group>"; };
		8482A3371CACC8280070931B /* PrefixHeader.pch */ = {isa = PBXFileReference; lastKnownFileType = sourcecode.c.h; path = PrefixHeader.pch; sourceTree = "<group>"; };
		8482A3381CACC8500070931B /* AppGlobal.h */ = {isa = PBXFileReference; fileEncoding = 4; lastKnownFileType = sourcecode.c.h; path = AppGlobal.h; sourceTree = "<group>"; };
		84B1E2021CAE5AC6004573F4 /* CHRevealViewController.h */ = {isa = PBXFileReference; fileEncoding = 4; lastKnownFileType = sourcecode.c.h; path = CHRevealViewController.h; sourceTree = "<group>"; };
		84B1E2031CAE5AC6004573F4 /* CHRevealViewController.m */ = {isa = PBXFileReference; fileEncoding = 4; lastKnownFileType = sourcecode.c.objc; path = CHRevealViewController.m; sourceTree = "<group>"; };
		84B1E2051CAE5B58004573F4 /* CHMainViewController.h */ = {isa = PBXFileReference; fileEncoding = 4; lastKnownFileType = sourcecode.c.h; path = CHMainViewController.h; sourceTree = "<group>"; };
		84B1E2061CAE5B58004573F4 /* CHMainViewController.m */ = {isa = PBXFileReference; fileEncoding = 4; lastKnownFileType = sourcecode.c.objc; path = CHMainViewController.m; sourceTree = "<group>"; };
		84B1E2081CAE5E84004573F4 /* CHMenuViewController.h */ = {isa = PBXFileReference; fileEncoding = 4; lastKnownFileType = sourcecode.c.h; path = CHMenuViewController.h; sourceTree = "<group>"; };
		84B1E2091CAE5E84004573F4 /* CHMenuViewController.m */ = {isa = PBXFileReference; fileEncoding = 4; lastKnownFileType = sourcecode.c.objc; path = CHMenuViewController.m; sourceTree = "<group>"; };
		84B1E20B1CAE5FEA004573F4 /* CHRootViewController.h */ = {isa = PBXFileReference; fileEncoding = 4; lastKnownFileType = sourcecode.c.h; path = CHRootViewController.h; sourceTree = "<group>"; };
		84B1E20C1CAE5FEA004573F4 /* CHRootViewController.m */ = {isa = PBXFileReference; fileEncoding = 4; lastKnownFileType = sourcecode.c.objc; path = CHRootViewController.m; sourceTree = "<group>"; };
		84B1E2AA1CAE76C4004573F4 /* libz.tbd */ = {isa = PBXFileReference; lastKnownFileType = "sourcecode.text-based-dylib-definition"; name = libz.tbd; path = usr/lib/libz.tbd; sourceTree = SDKROOT; };
		84B1E2AF1CAE77BA004573F4 /* NSData+Ghost.h */ = {isa = PBXFileReference; fileEncoding = 4; lastKnownFileType = sourcecode.c.h; path = "NSData+Ghost.h"; sourceTree = "<group>"; };
		84B1E2B01CAE77BA004573F4 /* NSData+Ghost.m */ = {isa = PBXFileReference; fileEncoding = 4; lastKnownFileType = sourcecode.c.objc; path = "NSData+Ghost.m"; sourceTree = "<group>"; };
		84B1E2B11CAE77BA004573F4 /* NSDate+Ghost.h */ = {isa = PBXFileReference; fileEncoding = 4; lastKnownFileType = sourcecode.c.h; path = "NSDate+Ghost.h"; sourceTree = "<group>"; };
		84B1E2B21CAE77BA004573F4 /* NSDate+Ghost.m */ = {isa = PBXFileReference; fileEncoding = 4; lastKnownFileType = sourcecode.c.objc; path = "NSDate+Ghost.m"; sourceTree = "<group>"; };
		84B1E2B31CAE77BA004573F4 /* NSDate+HYQFormatter.h */ = {isa = PBXFileReference; fileEncoding = 4; lastKnownFileType = sourcecode.c.h; path = "NSDate+HYQFormatter.h"; sourceTree = "<group>"; };
		84B1E2B41CAE77BA004573F4 /* NSDate+HYQFormatter.m */ = {isa = PBXFileReference; fileEncoding = 4; lastKnownFileType = sourcecode.c.objc; path = "NSDate+HYQFormatter.m"; sourceTree = "<group>"; };
		84B1E2B51CAE77BA004573F4 /* NSDictionary+Categories.h */ = {isa = PBXFileReference; fileEncoding = 4; lastKnownFileType = sourcecode.c.h; path = "NSDictionary+Categories.h"; sourceTree = "<group>"; };
		84B1E2B61CAE77BA004573F4 /* NSDictionary+Categories.m */ = {isa = PBXFileReference; fileEncoding = 4; lastKnownFileType = sourcecode.c.objc; path = "NSDictionary+Categories.m"; sourceTree = "<group>"; };
		84B1E2B71CAE77BA004573F4 /* NSFileManager+Ghost.h */ = {isa = PBXFileReference; fileEncoding = 4; lastKnownFileType = sourcecode.c.h; path = "NSFileManager+Ghost.h"; sourceTree = "<group>"; };
		84B1E2B81CAE77BA004573F4 /* NSFileManager+Ghost.m */ = {isa = PBXFileReference; fileEncoding = 4; lastKnownFileType = sourcecode.c.objc; path = "NSFileManager+Ghost.m"; sourceTree = "<group>"; };
		84B1E2B91CAE77BA004573F4 /* NSFileManager+SaveAndRead.h */ = {isa = PBXFileReference; fileEncoding = 4; lastKnownFileType = sourcecode.c.h; path = "NSFileManager+SaveAndRead.h"; sourceTree = "<group>"; };
		84B1E2BA1CAE77BA004573F4 /* NSFileManager+SaveAndRead.m */ = {isa = PBXFileReference; fileEncoding = 4; lastKnownFileType = sourcecode.c.objc; path = "NSFileManager+SaveAndRead.m"; sourceTree = "<group>"; };
		84B1E2BB1CAE77BA004573F4 /* NSObject+Categories.h */ = {isa = PBXFileReference; fileEncoding = 4; lastKnownFileType = sourcecode.c.h; path = "NSObject+Categories.h"; sourceTree = "<group>"; };
		84B1E2BC1CAE77BA004573F4 /* NSObject+Categories.m */ = {isa = PBXFileReference; fileEncoding = 4; lastKnownFileType = sourcecode.c.objc; path = "NSObject+Categories.m"; sourceTree = "<group>"; };
		84B1E2BD1CAE77BA004573F4 /* NSString+Ghost.h */ = {isa = PBXFileReference; fileEncoding = 4; lastKnownFileType = sourcecode.c.h; path = "NSString+Ghost.h"; sourceTree = "<group>"; };
		84B1E2BE1CAE77BA004573F4 /* NSString+Ghost.m */ = {isa = PBXFileReference; fileEncoding = 4; lastKnownFileType = sourcecode.c.objc; path = "NSString+Ghost.m"; sourceTree = "<group>"; };
		84B1E2BF1CAE77BA004573F4 /* NSString+HYQCategory.h */ = {isa = PBXFileReference; fileEncoding = 4; lastKnownFileType = sourcecode.c.h; path = "NSString+HYQCategory.h"; sourceTree = "<group>"; };
		84B1E2C01CAE77BA004573F4 /* NSString+HYQCategory.m */ = {isa = PBXFileReference; fileEncoding = 4; lastKnownFileType = sourcecode.c.objc; path = "NSString+HYQCategory.m"; sourceTree = "<group>"; };
		84B1E2C11CAE77BA004573F4 /* NSString+Pinyin.h */ = {isa = PBXFileReference; fileEncoding = 4; lastKnownFileType = sourcecode.c.h; path = "NSString+Pinyin.h"; sourceTree = "<group>"; };
		84B1E2C21CAE77BA004573F4 /* NSString+Pinyin.m */ = {isa = PBXFileReference; fileEncoding = 4; lastKnownFileType = sourcecode.c.objc; path = "NSString+Pinyin.m"; sourceTree = "<group>"; };
		84B1E2C31CAE77BA004573F4 /* UIApplication+Categories.h */ = {isa = PBXFileReference; fileEncoding = 4; lastKnownFileType = sourcecode.c.h; path = "UIApplication+Categories.h"; sourceTree = "<group>"; };
		84B1E2C41CAE77BA004573F4 /* UIApplication+Categories.m */ = {isa = PBXFileReference; fileEncoding = 4; lastKnownFileType = sourcecode.c.objc; path = "UIApplication+Categories.m"; sourceTree = "<group>"; };
		84B1E2C51CAE77BA004573F4 /* UIColor+HexRGB.h */ = {isa = PBXFileReference; fileEncoding = 4; lastKnownFileType = sourcecode.c.h; path = "UIColor+HexRGB.h"; sourceTree = "<group>"; };
		84B1E2C61CAE77BA004573F4 /* UIColor+HexRGB.m */ = {isa = PBXFileReference; fileEncoding = 4; lastKnownFileType = sourcecode.c.objc; path = "UIColor+HexRGB.m"; sourceTree = "<group>"; };
		84B1E2C71CAE77BA004573F4 /* UIColor+Random.h */ = {isa = PBXFileReference; fileEncoding = 4; lastKnownFileType = sourcecode.c.h; path = "UIColor+Random.h"; sourceTree = "<group>"; };
		84B1E2C81CAE77BA004573F4 /* UIColor+Random.m */ = {isa = PBXFileReference; fileEncoding = 4; lastKnownFileType = sourcecode.c.objc; path = "UIColor+Random.m"; sourceTree = "<group>"; };
		84B1E2C91CAE77BA004573F4 /* UIControl+Categories.h */ = {isa = PBXFileReference; fileEncoding = 4; lastKnownFileType = sourcecode.c.h; path = "UIControl+Categories.h"; sourceTree = "<group>"; };
		84B1E2CA1CAE77BA004573F4 /* UIControl+Categories.m */ = {isa = PBXFileReference; fileEncoding = 4; lastKnownFileType = sourcecode.c.objc; path = "UIControl+Categories.m"; sourceTree = "<group>"; };
		84B1E2CB1CAE77BA004573F4 /* UIDevice+Hardware.h */ = {isa = PBXFileReference; fileEncoding = 4; lastKnownFileType = sourcecode.c.h; path = "UIDevice+Hardware.h"; sourceTree = "<group>"; };
		84B1E2CC1CAE77BA004573F4 /* UIDevice+Hardware.m */ = {isa = PBXFileReference; fileEncoding = 4; lastKnownFileType = sourcecode.c.objc; path = "UIDevice+Hardware.m"; sourceTree = "<group>"; };
		84B1E2CD1CAE77BA004573F4 /* UIResponder+Ghost.h */ = {isa = PBXFileReference; fileEncoding = 4; lastKnownFileType = sourcecode.c.h; path = "UIResponder+Ghost.h"; sourceTree = "<group>"; };
		84B1E2CE1CAE77BA004573F4 /* UIResponder+Ghost.m */ = {isa = PBXFileReference; fileEncoding = 4; lastKnownFileType = sourcecode.c.objc; path = "UIResponder+Ghost.m"; sourceTree = "<group>"; };
		84B1E2CF1CAE77BA004573F4 /* GlobalCategoryHeader.h */ = {isa = PBXFileReference; fileEncoding = 4; lastKnownFileType = sourcecode.c.h; path = GlobalCategoryHeader.h; sourceTree = "<group>"; };
		84B1E2D11CAE77BA004573F4 /* NSString+Size.h */ = {isa = PBXFileReference; fileEncoding = 4; lastKnownFileType = sourcecode.c.h; path = "NSString+Size.h"; sourceTree = "<group>"; };
		84B1E2D21CAE77BA004573F4 /* NSString+Size.m */ = {isa = PBXFileReference; fileEncoding = 4; lastKnownFileType = sourcecode.c.objc; path = "NSString+Size.m"; sourceTree = "<group>"; };
		84B1E2D31CAE77BA004573F4 /* UIButton+CountDown.h */ = {isa = PBXFileReference; fileEncoding = 4; lastKnownFileType = sourcecode.c.h; path = "UIButton+CountDown.h"; sourceTree = "<group>"; };
		84B1E2D41CAE77BA004573F4 /* UIButton+CountDown.m */ = {isa = PBXFileReference; fileEncoding = 4; lastKnownFileType = sourcecode.c.objc; path = "UIButton+CountDown.m"; sourceTree = "<group>"; };
		84B1E2D51CAE77BA004573F4 /* UIButton+UIButton_BackgroundImageButton.h */ = {isa = PBXFileReference; fileEncoding = 4; lastKnownFileType = sourcecode.c.h; path = "UIButton+UIButton_BackgroundImageButton.h"; sourceTree = "<group>"; };
		84B1E2D61CAE77BA004573F4 /* UIButton+UIButton_BackgroundImageButton.m */ = {isa = PBXFileReference; fileEncoding = 4; lastKnownFileType = sourcecode.c.objc; path = "UIButton+UIButton_BackgroundImageButton.m"; sourceTree = "<group>"; };
		84B1E2D71CAE77BA004573F4 /* UIColor+Gradient.h */ = {isa = PBXFileReference; fileEncoding = 4; lastKnownFileType = sourcecode.c.h; path = "UIColor+Gradient.h"; sourceTree = "<group>"; };
		84B1E2D81CAE77BA004573F4 /* UIColor+Gradient.m */ = {isa = PBXFileReference; fileEncoding = 4; lastKnownFileType = sourcecode.c.objc; path = "UIColor+Gradient.m"; sourceTree = "<group>"; };
		84B1E2D91CAE77BA004573F4 /* UIImage+Blur.h */ = {isa = PBXFileReference; fileEncoding = 4; lastKnownFileType = sourcecode.c.h; path = "UIImage+Blur.h"; sourceTree = "<group>"; };
		84B1E2DA1CAE77BA004573F4 /* UIImage+Blur.m */ = {isa = PBXFileReference; fileEncoding = 4; lastKnownFileType = sourcecode.c.objc; path = "UIImage+Blur.m"; sourceTree = "<group>"; };
		84B1E2DB1CAE77BA004573F4 /* UIImage+Color.h */ = {isa = PBXFileReference; fileEncoding = 4; lastKnownFileType = sourcecode.c.h; path = "UIImage+Color.h"; sourceTree = "<group>"; };
		84B1E2DC1CAE77BA004573F4 /* UIImage+Color.m */ = {isa = PBXFileReference; fileEncoding = 4; lastKnownFileType = sourcecode.c.objc; path = "UIImage+Color.m"; sourceTree = "<group>"; };
		84B1E2DD1CAE77BA004573F4 /* UIImage+Extention.h */ = {isa = PBXFileReference; fileEncoding = 4; lastKnownFileType = sourcecode.c.h; path = "UIImage+Extention.h"; sourceTree = "<group>"; };
		84B1E2DE1CAE77BA004573F4 /* UIImage+Extention.m */ = {isa = PBXFileReference; fileEncoding = 4; lastKnownFileType = sourcecode.c.objc; path = "UIImage+Extention.m"; sourceTree = "<group>"; };
		84B1E2DF1CAE77BA004573F4 /* UIImage+Orientation.h */ = {isa = PBXFileReference; fileEncoding = 4; lastKnownFileType = sourcecode.c.h; path = "UIImage+Orientation.h"; sourceTree = "<group>"; };
		84B1E2E01CAE77BA004573F4 /* UIImage+Orientation.m */ = {isa = PBXFileReference; fileEncoding = 4; lastKnownFileType = sourcecode.c.objc; path = "UIImage+Orientation.m"; sourceTree = "<group>"; };
		84B1E2E11CAE77BA004573F4 /* UINavigationBar+Awesome.h */ = {isa = PBXFileReference; fileEncoding = 4; lastKnownFileType = sourcecode.c.h; path = "UINavigationBar+Awesome.h"; sourceTree = "<group>"; };
		84B1E2E21CAE77BA004573F4 /* UINavigationBar+Awesome.m */ = {isa = PBXFileReference; fileEncoding = 4; lastKnownFileType = sourcecode.c.objc; path = "UINavigationBar+Awesome.m"; sourceTree = "<group>"; };
		84B1E2E31CAE77BA004573F4 /* UINavigationController+Categories.h */ = {isa = PBXFileReference; fileEncoding = 4; lastKnownFileType = sourcecode.c.h; path = "UINavigationController+Categories.h"; sourceTree = "<group>"; };
		84B1E2E41CAE77BA004573F4 /* UINavigationController+Categories.m */ = {isa = PBXFileReference; fileEncoding = 4; lastKnownFileType = sourcecode.c.objc; path = "UINavigationController+Categories.m"; sourceTree = "<group>"; };
		84B1E2E51CAE77BA004573F4 /* UINavigationController+FDFullscreenPopGesture.h */ = {isa = PBXFileReference; fileEncoding = 4; lastKnownFileType = sourcecode.c.h; path = "UINavigationController+FDFullscreenPopGesture.h"; sourceTree = "<group>"; };
		84B1E2E61CAE77BA004573F4 /* UINavigationController+FDFullscreenPopGesture.m */ = {isa = PBXFileReference; fileEncoding = 4; lastKnownFileType = sourcecode.c.objc; path = "UINavigationController+FDFullscreenPopGesture.m"; sourceTree = "<group>"; };
		84B1E2E81CAE77BA004573F4 /* UIScrollView+Categories.h */ = {isa = PBXFileReference; fileEncoding = 4; lastKnownFileType = sourcecode.c.h; path = "UIScrollView+Categories.h"; sourceTree = "<group>"; };
		84B1E2E91CAE77BA004573F4 /* UIScrollView+Categories.m */ = {isa = PBXFileReference; fileEncoding = 4; lastKnownFileType = sourcecode.c.objc; path = "UIScrollView+Categories.m"; sourceTree = "<group>"; };
		84B1E2EA1CAE77BA004573F4 /* UITableView+Categories.h */ = {isa = PBXFileReference; fileEncoding = 4; lastKnownFileType = sourcecode.c.h; path = "UITableView+Categories.h"; sourceTree = "<group>"; };
		84B1E2EB1CAE77BA004573F4 /* UITableView+Categories.m */ = {isa = PBXFileReference; fileEncoding = 4; lastKnownFileType = sourcecode.c.objc; path = "UITableView+Categories.m"; sourceTree = "<group>"; };
		84B1E2EC1CAE77BA004573F4 /* UIView+BlockGesture.h */ = {isa = PBXFileReference; fileEncoding = 4; lastKnownFileType = sourcecode.c.h; path = "UIView+BlockGesture.h"; sourceTree = "<group>"; };
		84B1E2ED1CAE77BA004573F4 /* UIView+BlockGesture.m */ = {isa = PBXFileReference; fileEncoding = 4; lastKnownFileType = sourcecode.c.objc; path = "UIView+BlockGesture.m"; sourceTree = "<group>"; };
		84B1E2EE1CAE77BA004573F4 /* UIView+Categories.h */ = {isa = PBXFileReference; fileEncoding = 4; lastKnownFileType = sourcecode.c.h; path = "UIView+Categories.h"; sourceTree = "<group>"; };
		84B1E2EF1CAE77BA004573F4 /* UIView+Categories.m */ = {isa = PBXFileReference; fileEncoding = 4; lastKnownFileType = sourcecode.c.objc; path = "UIView+Categories.m"; sourceTree = "<group>"; };
		84B1E2F01CAE77BA004573F4 /* UIView+Extension.h */ = {isa = PBXFileReference; fileEncoding = 4; lastKnownFileType = sourcecode.c.h; path = "UIView+Extension.h"; sourceTree = "<group>"; };
		84B1E2F11CAE77BA004573F4 /* UIView+Extension.m */ = {isa = PBXFileReference; fileEncoding = 4; lastKnownFileType = sourcecode.c.objc; path = "UIView+Extension.m"; sourceTree = "<group>"; };
		84B1E2F21CAE77BA004573F4 /* UIViewController+Handle.h */ = {isa = PBXFileReference; fileEncoding = 4; lastKnownFileType = sourcecode.c.h; path = "UIViewController+Handle.h"; sourceTree = "<group>"; };
		84B1E2F31CAE77BA004573F4 /* UIViewController+Handle.m */ = {isa = PBXFileReference; fileEncoding = 4; lastKnownFileType = sourcecode.c.objc; path = "UIViewController+Handle.m"; sourceTree = "<group>"; };
		84B1E2F41CAE77BA004573F4 /* UIViewController+Swizzle.h */ = {isa = PBXFileReference; fileEncoding = 4; lastKnownFileType = sourcecode.c.h; path = "UIViewController+Swizzle.h"; sourceTree = "<group>"; };
		84B1E2F51CAE77BA004573F4 /* UIViewController+Swizzle.m */ = {isa = PBXFileReference; fileEncoding = 4; lastKnownFileType = sourcecode.c.objc; path = "UIViewController+Swizzle.m"; sourceTree = "<group>"; };
		84B1E2F61CAE77BA004573F4 /* UIWebView+JavaScriptAlertCategory.h */ = {isa = PBXFileReference; fileEncoding = 4; lastKnownFileType = sourcecode.c.h; path = "UIWebView+JavaScriptAlertCategory.h"; sourceTree = "<group>"; };
		84B1E2F71CAE77BA004573F4 /* UIWebView+JavaScriptAlertCategory.m */ = {isa = PBXFileReference; fileEncoding = 4; lastKnownFileType = sourcecode.c.objc; path = "UIWebView+JavaScriptAlertCategory.m"; sourceTree = "<group>"; };
		84B1E3291CB38A8D004573F4 /* CHTextField.h */ = {isa = PBXFileReference; fileEncoding = 4; lastKnownFileType = sourcecode.c.h; path = CHTextField.h; sourceTree = "<group>"; };
		84B1E32A1CB38A8D004573F4 /* CHTextField.m */ = {isa = PBXFileReference; fileEncoding = 4; lastKnownFileType = sourcecode.c.objc; path = CHTextField.m; sourceTree = "<group>"; };
		84B1E32E1CB3C698004573F4 /* CHUnitCell.h */ = {isa = PBXFileReference; fileEncoding = 4; lastKnownFileType = sourcecode.c.h; path = CHUnitCell.h; sourceTree = "<group>"; };
		84B1E32F1CB3C698004573F4 /* CHUnitCell.m */ = {isa = PBXFileReference; fileEncoding = 4; lastKnownFileType = sourcecode.c.objc; path = CHUnitCell.m; sourceTree = "<group>"; };
		84B1E3311CB3C7E2004573F4 /* CHUnitAvatarCell.h */ = {isa = PBXFileReference; fileEncoding = 4; lastKnownFileType = sourcecode.c.h; path = CHUnitAvatarCell.h; sourceTree = "<group>"; };
		84B1E3321CB3C7E2004573F4 /* CHUnitAvatarCell.m */ = {isa = PBXFileReference; fileEncoding = 4; lastKnownFileType = sourcecode.c.objc; path = CHUnitAvatarCell.m; sourceTree = "<group>"; };
		84B1E3341CB3CDF6004573F4 /* HYQActionSheet.h */ = {isa = PBXFileReference; fileEncoding = 4; lastKnownFileType = sourcecode.c.h; path = HYQActionSheet.h; sourceTree = "<group>"; };
		84B1E3351CB3CDF6004573F4 /* HYQActionSheet.m */ = {isa = PBXFileReference; fileEncoding = 4; lastKnownFileType = sourcecode.c.objc; path = HYQActionSheet.m; sourceTree = "<group>"; };
		84B1E3361CB3CDF6004573F4 /* HYQAlertView.h */ = {isa = PBXFileReference; fileEncoding = 4; lastKnownFileType = sourcecode.c.h; path = HYQAlertView.h; sourceTree = "<group>"; };
		84B1E3371CB3CDF6004573F4 /* HYQAlertView.m */ = {isa = PBXFileReference; fileEncoding = 4; lastKnownFileType = sourcecode.c.objc; path = HYQAlertView.m; sourceTree = "<group>"; };
		84B1E33A1CB3CF0D004573F4 /* HYQHelperCamera.h */ = {isa = PBXFileReference; fileEncoding = 4; lastKnownFileType = sourcecode.c.h; path = HYQHelperCamera.h; sourceTree = "<group>"; };
		84B1E33B1CB3CF0D004573F4 /* HYQHelperCamera.m */ = {isa = PBXFileReference; fileEncoding = 4; lastKnownFileType = sourcecode.c.objc; path = HYQHelperCamera.m; sourceTree = "<group>"; };
		84F1F4BD1CAD2CB60061AACC /* CoreData.framework */ = {isa = PBXFileReference; lastKnownFileType = wrapper.framework; name = CoreData.framework; path = System/Library/Frameworks/CoreData.framework; sourceTree = SDKROOT; };
		84FEA6D01CB5082E00ADA967 /* CHBindController.h */ = {isa = PBXFileReference; fileEncoding = 4; lastKnownFileType = sourcecode.c.h; path = CHBindController.h; sourceTree = "<group>"; };
		84FEA6D11CB5082E00ADA967 /* CHBindController.m */ = {isa = PBXFileReference; fileEncoding = 4; lastKnownFileType = sourcecode.c.objc; path = CHBindController.m; sourceTree = "<group>"; };
		84FEA6D61CB50B8000ADA967 /* CoreGraphics.framework */ = {isa = PBXFileReference; lastKnownFileType = wrapper.framework; name = CoreGraphics.framework; path = System/Library/Frameworks/CoreGraphics.framework; sourceTree = SDKROOT; };
		84FEA6DB1CB50C8400ADA967 /* JRGraphView.h */ = {isa = PBXFileReference; fileEncoding = 4; lastKnownFileType = sourcecode.c.h; path = JRGraphView.h; sourceTree = "<group>"; };
		84FEA6DC1CB50C8400ADA967 /* JRGraphView.m */ = {isa = PBXFileReference; fileEncoding = 4; lastKnownFileType = sourcecode.c.objc; path = JRGraphView.m; sourceTree = "<group>"; };
		84FEA6DE1CB516F600ADA967 /* CHMessageController.h */ = {isa = PBXFileReference; fileEncoding = 4; lastKnownFileType = sourcecode.c.h; path = CHMessageController.h; sourceTree = "<group>"; };
		84FEA6DF1CB516F600ADA967 /* CHMessageController.m */ = {isa = PBXFileReference; fileEncoding = 4; lastKnownFileType = sourcecode.c.objc; path = CHMessageController.m; sourceTree = "<group>"; };
		84FEA6E11CB51EA500ADA967 /* CHChangeNameController.h */ = {isa = PBXFileReference; fileEncoding = 4; lastKnownFileType = sourcecode.c.h; path = CHChangeNameController.h; sourceTree = "<group>"; };
		84FEA6E21CB51EA500ADA967 /* CHChangeNameController.m */ = {isa = PBXFileReference; fileEncoding = 4; lastKnownFileType = sourcecode.c.objc; path = CHChangeNameController.m; sourceTree = "<group>"; };
		EA12FFC0D604A8243CDEE906 /* Pods-CHCloudHealth.debug.xcconfig */ = {isa = PBXFileReference; includeInIndex = 1; lastKnownFileType = text.xcconfig; name = "Pods-CHCloudHealth.debug.xcconfig"; path = "Pods/Target Support Files/Pods-CHCloudHealth/Pods-CHCloudHealth.debug.xcconfig"; sourceTree = "<group>"; };
/* End PBXFileReference section */

/* Begin PBXFrameworksBuildPhase section */
		8464DE0A1CAA48C7000B987E /* Frameworks */ = {
			isa = PBXFrameworksBuildPhase;
			buildActionMask = 2147483647;
			files = (
				84FEA6D71CB50B8000ADA967 /* CoreGraphics.framework in Frameworks */,
				84B1E2AB1CAE76C4004573F4 /* libz.tbd in Frameworks */,
				84F1F4BE1CAD2CB60061AACC /* CoreData.framework in Frameworks */,
				0D28232D7C0428A043614F48 /* libPods-CHCloudHealth.a in Frameworks */,
			);
			runOnlyForDeploymentPostprocessing = 0;
		};
/* End PBXFrameworksBuildPhase section */

/* Begin PBXGroup section */
		63412E241CB2632500FAD0DA /* Login */ = {
			isa = PBXGroup;
			children = (
				63412E251CB2634600FAD0DA /* CHLoginController.h */,
				63412E261CB2634600FAD0DA /* CHLoginController.m */,
				63412E281CB2717B00FAD0DA /* CHRegisterController.h */,
				63412E291CB2717B00FAD0DA /* CHRegisterController.m */,
				63412E2E1CB279B300FAD0DA /* CHResetPsdStep1Controller.h */,
				63412E2F1CB279B300FAD0DA /* CHResetPsdStep1Controller.m */,
				63412E311CB279C000FAD0DA /* CHResetPsdStep2Controller.h */,
				63412E321CB279C000FAD0DA /* CHResetPsdStep2Controller.m */,
			);
			path = Login;
			sourceTree = "<group>";
		};
		63412E341CB27C7500FAD0DA /* Tools */ = {
			isa = PBXGroup;
			children = (
				63412E351CB27C9100FAD0DA /* CHUser.h */,
				63412E361CB27C9100FAD0DA /* CHUser.m */,
			);
			path = Tools;
			sourceTree = "<group>";
		};
		63412E411CB2A22200FAD0DA /* Setting */ = {
			isa = PBXGroup;
			children = (
				84B1E32C1CB3C66F004573F4 /* Model */,
				84B1E32D1CB3C66F004573F4 /* View */,
				63412E421CB2A24700FAD0DA /* CHUserInfoController.h */,
				63412E431CB2A24700FAD0DA /* CHUserInfoController.m */,
				63412E451CB2A28100FAD0DA /* CHRelationShipController.h */,
				63412E461CB2A28100FAD0DA /* CHRelationShipController.m */,
				63412E481CB2A29F00FAD0DA /* CHCareAreaController.h */,
				63412E491CB2A29F00FAD0DA /* CHCareAreaController.m */,
				63412E4B1CB2A2C500FAD0DA /* CHLocationMonitorController.h */,
				63412E4C1CB2A2C500FAD0DA /* CHLocationMonitorController.m */,
				63412E4E1CB2A2E800FAD0DA /* CHMonitorCareController.h */,
				63412E4F1CB2A2E800FAD0DA /* CHMonitorCareController.m */,
				63412E511CB2A33F00FAD0DA /* CHMedicineReminderController.h */,
				63412E521CB2A33F00FAD0DA /* CHMedicineReminderController.m */,
				63412E541CB2A35100FAD0DA /* CHSOSSetController.h */,
				63412E551CB2A35100FAD0DA /* CHSOSSetController.m */,
				63412E571CB2A36700FAD0DA /* CHAPPManagerController.h */,
				63412E581CB2A36700FAD0DA /* CHAPPManagerController.m */,
				84FEA6E11CB51EA500ADA967 /* CHChangeNameController.h */,
				84FEA6E21CB51EA500ADA967 /* CHChangeNameController.m */,
				63B983901CB8AF3400150EA2 /* CHSetTimeIntervalController.h */,
				63B983911CB8AF3400150EA2 /* CHSetTimeIntervalController.m */,
			);
			path = Setting;
			sourceTree = "<group>";
		};
		63412E5A1CB2A56200FAD0DA /* Model */ = {
			isa = PBXGroup;
			children = (
			);
			path = Model;
			sourceTree = "<group>";
		};
		63412E5B1CB2A56200FAD0DA /* View */ = {
			isa = PBXGroup;
			children = (
				84FEA6DB1CB50C8400ADA967 /* JRGraphView.h */,
				84FEA6DC1CB50C8400ADA967 /* JRGraphView.m */,
				63412E5C1CB2A58400FAD0DA /* CHMainHeaderCell.h */,
				63412E5D1CB2A58400FAD0DA /* CHMainHeaderCell.m */,
				63412E5F1CB2B31900FAD0DA /* CHMainStateCell.h */,
				63412E601CB2B31900FAD0DA /* CHMainStateCell.m */,
			);
			path = View;
			sourceTree = "<group>";
		};
		63D9F7E61CB0C472009BF266 /* Resources */ = {
			isa = PBXGroup;
			children = (
				63D9F7E71CB0C47E009BF266 /* bg_login.png */,
			);
			path = Resources;
			sourceTree = "<group>";
		};
		75E5479A5D2CF642D722BCF3 /* Pods */ = {
			isa = PBXGroup;
			children = (
				EA12FFC0D604A8243CDEE906 /* Pods-CHCloudHealth.debug.xcconfig */,
				32E958EE73A4318A56D03553 /* Pods-CHCloudHealth.release.xcconfig */,
			);
			name = Pods;
			sourceTree = "<group>";
		};
		8464DE041CAA48C7000B987E = {
			isa = PBXGroup;
			children = (
				8464DE0F1CAA48C7000B987E /* CHCloudHealth */,
				8464DE0E1CAA48C7000B987E /* Products */,
				75E5479A5D2CF642D722BCF3 /* Pods */,
				9EA6CF6E1056A669C882E269 /* Frameworks */,
			);
			sourceTree = "<group>";
		};
		8464DE0E1CAA48C7000B987E /* Products */ = {
			isa = PBXGroup;
			children = (
				8464DE0D1CAA48C7000B987E /* CHCloudHealth.app */,
			);
			name = Products;
			sourceTree = "<group>";
		};
		8464DE0F1CAA48C7000B987E /* CHCloudHealth */ = {
			isa = PBXGroup;
			children = (
				8482A2F01CACC13F0070931B /* Sections */,
				8472D1C71CAE53930003E35A /* Networking */,
				8482A2ED1CACC12D0070931B /* General */,
				63412E341CB27C7500FAD0DA /* Tools */,
				63D9F7E61CB0C472009BF266 /* Resources */,
				8482A3381CACC8500070931B /* AppGlobal.h */,
				8464DE131CAA48C7000B987E /* AppDelegate.h */,
				8464DE141CAA48C7000B987E /* AppDelegate.m */,
				8464DE161CAA48C7000B987E /* ViewController.h */,
				8464DE171CAA48C7000B987E /* ViewController.m */,
				8464DE191CAA48C7000B987E /* Main.storyboard */,
				63D9F7EB1CB0C52A009BF266 /* Login.storyboard */,
				8464DE1C1CAA48C7000B987E /* Assets.xcassets */,
				8464DE1E1CAA48C7000B987E /* LaunchScreen.storyboard */,
				8464DE211CAA48C7000B987E /* Info.plist */,
				8482A3371CACC8280070931B /* PrefixHeader.pch */,
				8464DE101CAA48C7000B987E /* Supporting Files */,
			);
			path = CHCloudHealth;
			sourceTree = "<group>";
		};
		8464DE101CAA48C7000B987E /* Supporting Files */ = {
			isa = PBXGroup;
			children = (
				8464DE111CAA48C7000B987E /* main.m */,
			);
			name = "Supporting Files";
			sourceTree = "<group>";
		};
		8472D1C71CAE53930003E35A /* Networking */ = {
			isa = PBXGroup;
			children = (
				8472D1C81CAE53930003E35A /* Cache */,
				8472D1D71CAE53930003E35A /* Categories */,
				8472D1E71CAE53930003E35A /* Logger */,
				8472D1F21CAE53930003E35A /* PublicParameter */,
				8472D1F51CAE53930003E35A /* Reachability */,
				8472D1F81CAE53930003E35A /* RootModel */,
				8472D1EA1CAE53930003E35A /* NetworkingConfiguration */,
				8472D1F01CAE53930003E35A /* NetworkingManager.h */,
				8472D1F11CAE53930003E35A /* NetworkingManager.m */,
			);
			path = Networking;
			sourceTree = "<group>";
		};
		8472D1C81CAE53930003E35A /* Cache */ = {
			isa = PBXGroup;
			children = (
				8472D1C91CAE53930003E35A /* DiskCache */,
				8472D1D21CAE53930003E35A /* MemoryCache */,
			);
			path = Cache;
			sourceTree = "<group>";
		};
		8472D1C91CAE53930003E35A /* DiskCache */ = {
			isa = PBXGroup;
			children = (
				8472D1CA1CAE53930003E35A /* FQAHDiskCache.h */,
				8472D1CB1CAE53930003E35A /* FQAHDiskCache.m */,
				8472D1CC1CAE53930003E35A /* FQAHDiskCachedObject+CoreDataProperties.h */,
				8472D1CD1CAE53930003E35A /* FQAHDiskCachedObject+CoreDataProperties.m */,
				8472D1CE1CAE53930003E35A /* FQAHDiskCachedObject.h */,
				8472D1CF1CAE53930003E35A /* FQAHDiskCachedObject.m */,
				8472D1D01CAE53930003E35A /* FQAHNetworking.xcdatamodeld */,
			);
			path = DiskCache;
			sourceTree = "<group>";
		};
		8472D1D21CAE53930003E35A /* MemoryCache */ = {
			isa = PBXGroup;
			children = (
				8472D1D31CAE53930003E35A /* FQAHCache.h */,
				8472D1D41CAE53930003E35A /* FQAHCache.m */,
				8472D1D51CAE53930003E35A /* FQAHCachedObject.h */,
				8472D1D61CAE53930003E35A /* FQAHCachedObject.m */,
			);
			path = MemoryCache;
			sourceTree = "<group>";
		};
		8472D1D71CAE53930003E35A /* Categories */ = {
			isa = PBXGroup;
			children = (
				8472D1D81CAE53930003E35A /* FQAHCategoriesHeader.h */,
				8472D1D91CAE53930003E35A /* NSArray+FQAHCategories.h */,
				8472D1DA1CAE53930003E35A /* NSArray+FQAHCategories.m */,
				8472D1DB1CAE53930003E35A /* NSDictionary+FQAHCategories.h */,
				8472D1DC1CAE53930003E35A /* NSDictionary+FQAHCategories.m */,
				8472D1DD1CAE53930003E35A /* NSFileManager+FQAHCategories.h */,
				8472D1DE1CAE53930003E35A /* NSFileManager+FQAHCategories.m */,
				8472D1DF1CAE53930003E35A /* NSMutableString+FQAHCategories.h */,
				8472D1E01CAE53930003E35A /* NSMutableString+FQAHCategories.m */,
				8472D1E11CAE53930003E35A /* NSObject+FQAHCategories.h */,
				8472D1E21CAE53930003E35A /* NSObject+FQAHCategories.m */,
				8472D1E31CAE53930003E35A /* NSURLRequest+FQAHCategories.h */,
				8472D1E41CAE53930003E35A /* NSURLRequest+FQAHCategories.m */,
				8472D1E51CAE53930003E35A /* UIDevice+FQAHCategories.h */,
				8472D1E61CAE53930003E35A /* UIDevice+FQAHCategories.m */,
			);
			path = Categories;
			sourceTree = "<group>";
		};
		8472D1E71CAE53930003E35A /* Logger */ = {
			isa = PBXGroup;
			children = (
				8472D1E81CAE53930003E35A /* FQAHLogger.h */,
				8472D1E91CAE53930003E35A /* FQAHLogger.m */,
			);
			path = Logger;
			sourceTree = "<group>";
		};
		8472D1EA1CAE53930003E35A /* NetworkingConfiguration */ = {
			isa = PBXGroup;
			children = (
				8472D1EB1CAE53930003E35A /* FQAHBaseNetwork.h */,
				8472D1EC1CAE53930003E35A /* FQAHBaseNetwork.m */,
				8472D1EE1CAE53930003E35A /* FQAHURLResponse.h */,
				8472D1EF1CAE53930003E35A /* FQAHURLResponse.m */,
				8472D1ED1CAE53930003E35A /* FQAHNTConfiguration.h */,
			);
			path = NetworkingConfiguration;
			sourceTree = "<group>";
		};
		8472D1F21CAE53930003E35A /* PublicParameter */ = {
			isa = PBXGroup;
			children = (
				8472D1F31CAE53930003E35A /* FQAHPublicParameter.h */,
				8472D1F41CAE53930003E35A /* FQAHPublicParameter.m */,
			);
			path = PublicParameter;
			sourceTree = "<group>";
		};
		8472D1F51CAE53930003E35A /* Reachability */ = {
			isa = PBXGroup;
			children = (
				8472D1F61CAE53930003E35A /* FQAHReachibility.h */,
				8472D1F71CAE53930003E35A /* FQAHReachibility.m */,
			);
			path = Reachability;
			sourceTree = "<group>";
		};
		8472D1F81CAE53930003E35A /* RootModel */ = {
			isa = PBXGroup;
			children = (
				8472D1F91CAE53930003E35A /* BASEModel.h */,
				8472D1FA1CAE53930003E35A /* BASEModel.m */,
			);
			path = RootModel;
			sourceTree = "<group>";
		};
		8482A2ED1CACC12D0070931B /* General */ = {
			isa = PBXGroup;
			children = (
				84B1E2AC1CAE77BA004573F4 /* Categories */,
				84B1E2111CAE7197004573F4 /* Custom */,
				84B1E2011CAE5AAD004573F4 /* Base */,
			);
			path = General;
			sourceTree = "<group>";
		};
		8482A2F01CACC13F0070931B /* Sections */ = {
			isa = PBXGroup;
			children = (
				84B1E2001CAE5A9E004573F4 /* Main */,
				63412E241CB2632500FAD0DA /* Login */,
				63412E411CB2A22200FAD0DA /* Setting */,
			);
			path = Sections;
			sourceTree = "<group>";
		};
		84B1E2001CAE5A9E004573F4 /* Main */ = {
			isa = PBXGroup;
			children = (
				63412E5A1CB2A56200FAD0DA /* Model */,
				63412E5B1CB2A56200FAD0DA /* View */,
				84B1E2081CAE5E84004573F4 /* CHMenuViewController.h */,
				84B1E2091CAE5E84004573F4 /* CHMenuViewController.m */,
				84B1E2051CAE5B58004573F4 /* CHMainViewController.h */,
				84B1E2061CAE5B58004573F4 /* CHMainViewController.m */,
				63A4475F1CB4087B00046DC7 /* CHStatisticsController.h */,
				63A447601CB4087B00046DC7 /* CHStatisticsController.m */,
				84FEA6D01CB5082E00ADA967 /* CHBindController.h */,
				84FEA6D11CB5082E00ADA967 /* CHBindController.m */,
				84FEA6DE1CB516F600ADA967 /* CHMessageController.h */,
				84FEA6DF1CB516F600ADA967 /* CHMessageController.m */,
				6315228D1CB55A4F00D8B160 /* CHHealthReportController.h */,
				6315228E1CB55A4F00D8B160 /* CHHealthReportController.m */,
				631522901CB56BD900D8B160 /* CHLocationAreaController.h */,
				631522911CB56BD900D8B160 /* CHLocationAreaController.m */,
			);
			path = Main;
			sourceTree = "<group>";
		};
		84B1E2011CAE5AAD004573F4 /* Base */ = {
			isa = PBXGroup;
			children = (
				84B1E2021CAE5AC6004573F4 /* CHRevealViewController.h */,
				84B1E2031CAE5AC6004573F4 /* CHRevealViewController.m */,
				84B1E20B1CAE5FEA004573F4 /* CHRootViewController.h */,
				84B1E20C1CAE5FEA004573F4 /* CHRootViewController.m */,
				63412E2B1CB273CA00FAD0DA /* CHBaseNavigationController.h */,
				63412E2C1CB273CA00FAD0DA /* CHBaseNavigationController.m */,
			);
			path = Base;
			sourceTree = "<group>";
		};
		84B1E2111CAE7197004573F4 /* Custom */ = {
			isa = PBXGroup;
			children = (
				84B1E3341CB3CDF6004573F4 /* HYQActionSheet.h */,
				84B1E3351CB3CDF6004573F4 /* HYQActionSheet.m */,
				84B1E3361CB3CDF6004573F4 /* HYQAlertView.h */,
				84B1E3371CB3CDF6004573F4 /* HYQAlertView.m */,
				63412E3E1CB2860700FAD0DA /* DZNEmptyDataSetView.h */,
				63412E3F1CB2860700FAD0DA /* DZNEmptyDataSetView.m */,
				63A29B451CB0D23C009C61B2 /* HYQHelperHUD.h */,
				63A29B461CB0D23C009C61B2 /* HYQHelperHUD.m */,
				84B1E33A1CB3CF0D004573F4 /* HYQHelperCamera.h */,
				84B1E33B1CB3CF0D004573F4 /* HYQHelperCamera.m */,
				84B1E3291CB38A8D004573F4 /* CHTextField.h */,
				84B1E32A1CB38A8D004573F4 /* CHTextField.m */,
			);
			path = Custom;
			sourceTree = "<group>";
		};
		84B1E2AC1CAE77BA004573F4 /* Categories */ = {
			isa = PBXGroup;
			children = (
				84B1E2CF1CAE77BA004573F4 /* GlobalCategoryHeader.h */,
				84B1E2AD1CAE77BA004573F4 /* Foundation */,
				84B1E2D01CAE77BA004573F4 /* UIKit */,
			);
			path = Categories;
			sourceTree = "<group>";
		};
		84B1E2AD1CAE77BA004573F4 /* Foundation */ = {
			isa = PBXGroup;
			children = (
				84B1E2AE1CAE77BA004573F4 /* FMDBHelper */,
				84B1E2AF1CAE77BA004573F4 /* NSData+Ghost.h */,
				84B1E2B01CAE77BA004573F4 /* NSData+Ghost.m */,
				84B1E2B11CAE77BA004573F4 /* NSDate+Ghost.h */,
				84B1E2B21CAE77BA004573F4 /* NSDate+Ghost.m */,
				84B1E2B31CAE77BA004573F4 /* NSDate+HYQFormatter.h */,
				84B1E2B41CAE77BA004573F4 /* NSDate+HYQFormatter.m */,
				84B1E2B51CAE77BA004573F4 /* NSDictionary+Categories.h */,
				84B1E2B61CAE77BA004573F4 /* NSDictionary+Categories.m */,
				84B1E2B71CAE77BA004573F4 /* NSFileManager+Ghost.h */,
				84B1E2B81CAE77BA004573F4 /* NSFileManager+Ghost.m */,
				84B1E2B91CAE77BA004573F4 /* NSFileManager+SaveAndRead.h */,
				84B1E2BA1CAE77BA004573F4 /* NSFileManager+SaveAndRead.m */,
				84B1E2BB1CAE77BA004573F4 /* NSObject+Categories.h */,
				84B1E2BC1CAE77BA004573F4 /* NSObject+Categories.m */,
				84B1E2BD1CAE77BA004573F4 /* NSString+Ghost.h */,
				84B1E2BE1CAE77BA004573F4 /* NSString+Ghost.m */,
				84B1E2BF1CAE77BA004573F4 /* NSString+HYQCategory.h */,
				84B1E2C01CAE77BA004573F4 /* NSString+HYQCategory.m */,
				84B1E2C11CAE77BA004573F4 /* NSString+Pinyin.h */,
				84B1E2C21CAE77BA004573F4 /* NSString+Pinyin.m */,
				84B1E2C31CAE77BA004573F4 /* UIApplication+Categories.h */,
				84B1E2C41CAE77BA004573F4 /* UIApplication+Categories.m */,
				84B1E2C51CAE77BA004573F4 /* UIColor+HexRGB.h */,
				84B1E2C61CAE77BA004573F4 /* UIColor+HexRGB.m */,
				84B1E2C71CAE77BA004573F4 /* UIColor+Random.h */,
				84B1E2C81CAE77BA004573F4 /* UIColor+Random.m */,
				84B1E2C91CAE77BA004573F4 /* UIControl+Categories.h */,
				84B1E2CA1CAE77BA004573F4 /* UIControl+Categories.m */,
				84B1E2CB1CAE77BA004573F4 /* UIDevice+Hardware.h */,
				84B1E2CC1CAE77BA004573F4 /* UIDevice+Hardware.m */,
				84B1E2CD1CAE77BA004573F4 /* UIResponder+Ghost.h */,
				84B1E2CE1CAE77BA004573F4 /* UIResponder+Ghost.m */,
			);
			path = Foundation;
			sourceTree = "<group>";
		};
		84B1E2AE1CAE77BA004573F4 /* FMDBHelper */ = {
			isa = PBXGroup;
			children = (
			);
			path = FMDBHelper;
			sourceTree = "<group>";
		};
		84B1E2D01CAE77BA004573F4 /* UIKit */ = {
			isa = PBXGroup;
			children = (
				63412E381CB285B100FAD0DA /* UITableView+Empty.h */,
				63412E391CB285B100FAD0DA /* UITableView+Empty.m */,
				84B1E2D11CAE77BA004573F4 /* NSString+Size.h */,
				84B1E2D21CAE77BA004573F4 /* NSString+Size.m */,
				84B1E2D31CAE77BA004573F4 /* UIButton+CountDown.h */,
				84B1E2D41CAE77BA004573F4 /* UIButton+CountDown.m */,
				84B1E2D51CAE77BA004573F4 /* UIButton+UIButton_BackgroundImageButton.h */,
				84B1E2D61CAE77BA004573F4 /* UIButton+UIButton_BackgroundImageButton.m */,
				84B1E2D71CAE77BA004573F4 /* UIColor+Gradient.h */,
				84B1E2D81CAE77BA004573F4 /* UIColor+Gradient.m */,
				84B1E2D91CAE77BA004573F4 /* UIImage+Blur.h */,
				84B1E2DA1CAE77BA004573F4 /* UIImage+Blur.m */,
				84B1E2DB1CAE77BA004573F4 /* UIImage+Color.h */,
				84B1E2DC1CAE77BA004573F4 /* UIImage+Color.m */,
				84B1E2DD1CAE77BA004573F4 /* UIImage+Extention.h */,
				84B1E2DE1CAE77BA004573F4 /* UIImage+Extention.m */,
				84B1E2DF1CAE77BA004573F4 /* UIImage+Orientation.h */,
				84B1E2E01CAE77BA004573F4 /* UIImage+Orientation.m */,
				84B1E2E11CAE77BA004573F4 /* UINavigationBar+Awesome.h */,
				84B1E2E21CAE77BA004573F4 /* UINavigationBar+Awesome.m */,
				84B1E2E31CAE77BA004573F4 /* UINavigationController+Categories.h */,
				84B1E2E41CAE77BA004573F4 /* UINavigationController+Categories.m */,
				84B1E2E51CAE77BA004573F4 /* UINavigationController+FDFullscreenPopGesture.h */,
				84B1E2E61CAE77BA004573F4 /* UINavigationController+FDFullscreenPopGesture.m */,
				84B1E2E81CAE77BA004573F4 /* UIScrollView+Categories.h */,
				84B1E2E91CAE77BA004573F4 /* UIScrollView+Categories.m */,
				63412E3B1CB285F900FAD0DA /* UIScrollView+EmptyDataSet.h */,
				63412E3C1CB285F900FAD0DA /* UIScrollView+EmptyDataSet.m */,
				84B1E2EA1CAE77BA004573F4 /* UITableView+Categories.h */,
				84B1E2EB1CAE77BA004573F4 /* UITableView+Categories.m */,
				84B1E2EC1CAE77BA004573F4 /* UIView+BlockGesture.h */,
				84B1E2ED1CAE77BA004573F4 /* UIView+BlockGesture.m */,
				84B1E2EE1CAE77BA004573F4 /* UIView+Categories.h */,
				84B1E2EF1CAE77BA004573F4 /* UIView+Categories.m */,
				84B1E2F01CAE77BA004573F4 /* UIView+Extension.h */,
				84B1E2F11CAE77BA004573F4 /* UIView+Extension.m */,
				84B1E2F21CAE77BA004573F4 /* UIViewController+Handle.h */,
				84B1E2F31CAE77BA004573F4 /* UIViewController+Handle.m */,
				84B1E2F41CAE77BA004573F4 /* UIViewController+Swizzle.h */,
				84B1E2F51CAE77BA004573F4 /* UIViewController+Swizzle.m */,
				84B1E2F61CAE77BA004573F4 /* UIWebView+JavaScriptAlertCategory.h */,
				84B1E2F71CAE77BA004573F4 /* UIWebView+JavaScriptAlertCategory.m */,
				63412E211CB2628B00FAD0DA /* UIStoryboard+Categories.h */,
				63412E221CB2628B00FAD0DA /* UIStoryboard+Categories.m */,
			);
			path = UIKit;
			sourceTree = "<group>";
		};
		84B1E32C1CB3C66F004573F4 /* Model */ = {
			isa = PBXGroup;
			children = (
			);
			path = Model;
			sourceTree = "<group>";
		};
		84B1E32D1CB3C66F004573F4 /* View */ = {
			isa = PBXGroup;
			children = (
				84B1E32E1CB3C698004573F4 /* CHUnitCell.h */,
				84B1E32F1CB3C698004573F4 /* CHUnitCell.m */,
				84B1E3311CB3C7E2004573F4 /* CHUnitAvatarCell.h */,
				84B1E3321CB3C7E2004573F4 /* CHUnitAvatarCell.m */,
				637339A21CB69F750018FE46 /* CHSwitchCell.h */,
				637339A31CB69F750018FE46 /* CHSwitchCell.m */,
				637339A51CB6A2C50018FE46 /* CHMonitorCell.h */,
				637339A61CB6A2C50018FE46 /* CHMonitorCell.m */,
			);
			path = View;
			sourceTree = "<group>";
		};
		9EA6CF6E1056A669C882E269 /* Frameworks */ = {
			isa = PBXGroup;
			children = (
				84FEA6D61CB50B8000ADA967 /* CoreGraphics.framework */,
				84B1E2AA1CAE76C4004573F4 /* libz.tbd */,
				84F1F4BD1CAD2CB60061AACC /* CoreData.framework */,
				5A7A51FD90EC5FD877E25B1E /* libPods-CHCloudHealth.a */,
			);
			name = Frameworks;
			sourceTree = "<group>";
		};
/* End PBXGroup section */

/* Begin PBXNativeTarget section */
		8464DE0C1CAA48C7000B987E /* CHCloudHealth */ = {
			isa = PBXNativeTarget;
			buildConfigurationList = 8464DE241CAA48C7000B987E /* Build configuration list for PBXNativeTarget "CHCloudHealth" */;
			buildPhases = (
				6EE4856C984B00AC84799752 /* Check Pods Manifest.lock */,
				8464DE091CAA48C7000B987E /* Sources */,
				8464DE0A1CAA48C7000B987E /* Frameworks */,
				8464DE0B1CAA48C7000B987E /* Resources */,
				8179998CA7604642DFAF66EF /* Embed Pods Frameworks */,
				859759F66D93278308AA6BF2 /* Copy Pods Resources */,
			);
			buildRules = (
			);
			dependencies = (
			);
			name = CHCloudHealth;
			productName = CHCloudHealth;
			productReference = 8464DE0D1CAA48C7000B987E /* CHCloudHealth.app */;
			productType = "com.apple.product-type.application";
		};
/* End PBXNativeTarget section */

/* Begin PBXProject section */
		8464DE051CAA48C7000B987E /* Project object */ = {
			isa = PBXProject;
			attributes = {
				LastUpgradeCheck = 0730;
				ORGANIZATIONNAME = fqah;
				TargetAttributes = {
					8464DE0C1CAA48C7000B987E = {
						CreatedOnToolsVersion = 7.3;
					};
				};
			};
			buildConfigurationList = 8464DE081CAA48C7000B987E /* Build configuration list for PBXProject "CHCloudHealth" */;
			compatibilityVersion = "Xcode 3.2";
			developmentRegion = English;
			hasScannedForEncodings = 0;
			knownRegions = (
				en,
				Base,
			);
			mainGroup = 8464DE041CAA48C7000B987E;
			productRefGroup = 8464DE0E1CAA48C7000B987E /* Products */;
			projectDirPath = "";
			projectRoot = "";
			targets = (
				8464DE0C1CAA48C7000B987E /* CHCloudHealth */,
			);
		};
/* End PBXProject section */

/* Begin PBXResourcesBuildPhase section */
		8464DE0B1CAA48C7000B987E /* Resources */ = {
			isa = PBXResourcesBuildPhase;
			buildActionMask = 2147483647;
			files = (
				63D9F7E81CB0C47E009BF266 /* bg_login.png in Resources */,
				8464DE201CAA48C7000B987E /* LaunchScreen.storyboard in Resources */,
				8464DE1D1CAA48C7000B987E /* Assets.xcassets in Resources */,
				63D9F7ED1CB0C52A009BF266 /* Login.storyboard in Resources */,
				8464DE1B1CAA48C7000B987E /* Main.storyboard in Resources */,
			);
			runOnlyForDeploymentPostprocessing = 0;
		};
/* End PBXResourcesBuildPhase section */

/* Begin PBXShellScriptBuildPhase section */
		6EE4856C984B00AC84799752 /* Check Pods Manifest.lock */ = {
			isa = PBXShellScriptBuildPhase;
			buildActionMask = 2147483647;
			files = (
			);
			inputPaths = (
			);
			name = "Check Pods Manifest.lock";
			outputPaths = (
			);
			runOnlyForDeploymentPostprocessing = 0;
			shellPath = /bin/sh;
			shellScript = "diff \"${PODS_ROOT}/../Podfile.lock\" \"${PODS_ROOT}/Manifest.lock\" > /dev/null\nif [[ $? != 0 ]] ; then\n    cat << EOM\nerror: The sandbox is not in sync with the Podfile.lock. Run 'pod install' or update your CocoaPods installation.\nEOM\n    exit 1\nfi\n";
			showEnvVarsInLog = 0;
		};
		8179998CA7604642DFAF66EF /* Embed Pods Frameworks */ = {
			isa = PBXShellScriptBuildPhase;
			buildActionMask = 2147483647;
			files = (
			);
			inputPaths = (
			);
			name = "Embed Pods Frameworks";
			outputPaths = (
			);
			runOnlyForDeploymentPostprocessing = 0;
			shellPath = /bin/sh;
			shellScript = "\"${SRCROOT}/Pods/Target Support Files/Pods-CHCloudHealth/Pods-CHCloudHealth-frameworks.sh\"\n";
			showEnvVarsInLog = 0;
		};
		859759F66D93278308AA6BF2 /* Copy Pods Resources */ = {
			isa = PBXShellScriptBuildPhase;
			buildActionMask = 2147483647;
			files = (
			);
			inputPaths = (
			);
			name = "Copy Pods Resources";
			outputPaths = (
			);
			runOnlyForDeploymentPostprocessing = 0;
			shellPath = /bin/sh;
			shellScript = "\"${SRCROOT}/Pods/Target Support Files/Pods-CHCloudHealth/Pods-CHCloudHealth-resources.sh\"\n";
			showEnvVarsInLog = 0;
		};
/* End PBXShellScriptBuildPhase section */

/* Begin PBXSourcesBuildPhase section */
		8464DE091CAA48C7000B987E /* Sources */ = {
			isa = PBXSourcesBuildPhase;
			buildActionMask = 2147483647;
			files = (
				84B1E3191CAE77BA004573F4 /* UIViewController+Swizzle.m in Sources */,
				63412E441CB2A24700FAD0DA /* CHUserInfoController.m in Sources */,
				8472D20E1CAE53930003E35A /* BASEModel.m in Sources */,
				84B1E3331CB3C7E2004573F4 /* CHUnitAvatarCell.m in Sources */,
				84B1E20D1CAE5FEA004573F4 /* CHRootViewController.m in Sources */,
				63412E3A1CB285B100FAD0DA /* UITableView+Empty.m in Sources */,
				84B1E2FA1CAE77BA004573F4 /* NSDate+HYQFormatter.m in Sources */,
				63412E5E1CB2A58400FAD0DA /* CHMainHeaderCell.m in Sources */,
				63412E301CB279B300FAD0DA /* CHResetPsdStep1Controller.m in Sources */,
				8472D1FE1CAE53930003E35A /* FQAHNetworking.xcdatamodeld in Sources */,
				8464DE181CAA48C7000B987E /* ViewController.m in Sources */,
				84B1E2FB1CAE77BA004573F4 /* NSDictionary+Categories.m in Sources */,
				8472D20A1CAE53930003E35A /* FQAHURLResponse.m in Sources */,
				84B1E3381CB3CDF6004573F4 /* HYQActionSheet.m in Sources */,
				84FEA6E01CB516F600ADA967 /* CHMessageController.m in Sources */,
				84B1E20A1CAE5E84004573F4 /* CHMenuViewController.m in Sources */,
				8472D1FF1CAE53930003E35A /* FQAHCache.m in Sources */,
				8472D2071CAE53930003E35A /* UIDevice+FQAHCategories.m in Sources */,
				63412E401CB2860700FAD0DA /* DZNEmptyDataSetView.m in Sources */,
				63412E561CB2A35100FAD0DA /* CHSOSSetController.m in Sources */,
				84B1E2F91CAE77BA004573F4 /* NSDate+Ghost.m in Sources */,
				84B1E3011CAE77BA004573F4 /* NSString+Pinyin.m in Sources */,
				631522921CB56BD900D8B160 /* CHLocationAreaController.m in Sources */,
				84B1E30B1CAE77BA004573F4 /* UIColor+Gradient.m in Sources */,
				84B1E2F81CAE77BA004573F4 /* NSData+Ghost.m in Sources */,
				84B1E3131CAE77BA004573F4 /* UIScrollView+Categories.m in Sources */,
				8472D20B1CAE53930003E35A /* NetworkingManager.m in Sources */,
				84B1E2FE1CAE77BA004573F4 /* NSObject+Categories.m in Sources */,
				63412E611CB2B31900FAD0DA /* CHMainStateCell.m in Sources */,
				8472D1FD1CAE53930003E35A /* FQAHDiskCachedObject.m in Sources */,
				8472D2081CAE53930003E35A /* FQAHLogger.m in Sources */,
				63A29B471CB0D23C009C61B2 /* HYQHelperHUD.m in Sources */,
				84B1E3391CB3CDF6004573F4 /* HYQAlertView.m in Sources */,
				84B1E3091CAE77BA004573F4 /* UIButton+CountDown.m in Sources */,
				84B1E3001CAE77BA004573F4 /* NSString+HYQCategory.m in Sources */,
				8472D2001CAE53930003E35A /* FQAHCachedObject.m in Sources */,
				84FEA6D21CB5082E00ADA967 /* CHBindController.m in Sources */,
				63412E471CB2A28100FAD0DA /* CHRelationShipController.m in Sources */,
				84B1E30F1CAE77BA004573F4 /* UIImage+Orientation.m in Sources */,
				8472D2041CAE53930003E35A /* NSMutableString+FQAHCategories.m in Sources */,
				63412E591CB2A36700FAD0DA /* CHAPPManagerController.m in Sources */,
				84B1E3041CAE77BA004573F4 /* UIColor+Random.m in Sources */,
				84B1E32B1CB38A8D004573F4 /* CHTextField.m in Sources */,
				84B1E3061CAE77BA004573F4 /* UIDevice+Hardware.m in Sources */,
				63412E371CB27C9100FAD0DA /* CHUser.m in Sources */,
				8472D1FB1CAE53930003E35A /* FQAHDiskCache.m in Sources */,
				84B1E2FD1CAE77BA004573F4 /* NSFileManager+SaveAndRead.m in Sources */,
				84B1E31A1CAE77BA004573F4 /* UIWebView+JavaScriptAlertCategory.m in Sources */,
				8472D20C1CAE53930003E35A /* FQAHPublicParameter.m in Sources */,
				84B1E3141CAE77BA004573F4 /* UITableView+Categories.m in Sources */,
				8472D2011CAE53930003E35A /* NSArray+FQAHCategories.m in Sources */,
				84B1E30E1CAE77BA004573F4 /* UIImage+Extention.m in Sources */,
				84B1E3121CAE77BA004573F4 /* UINavigationController+FDFullscreenPopGesture.m in Sources */,
				6315228F1CB55A4F00D8B160 /* CHHealthReportController.m in Sources */,
				8472D1FC1CAE53930003E35A /* FQAHDiskCachedObject+CoreDataProperties.m in Sources */,
				8472D2021CAE53930003E35A /* NSDictionary+FQAHCategories.m in Sources */,
				8464DE151CAA48C7000B987E /* AppDelegate.m in Sources */,
				63412E271CB2634600FAD0DA /* CHLoginController.m in Sources */,
				8472D20D1CAE53930003E35A /* FQAHReachibility.m in Sources */,
				63B983921CB8AF3400150EA2 /* CHSetTimeIntervalController.m in Sources */,
				63412E4D1CB2A2C500FAD0DA /* CHLocationMonitorController.m in Sources */,
				84FEA6DD1CB50C8400ADA967 /* JRGraphView.m in Sources */,
				63412E2A1CB2717B00FAD0DA /* CHRegisterController.m in Sources */,
				8472D2051CAE53930003E35A /* NSObject+FQAHCategories.m in Sources */,
				84B1E3051CAE77BA004573F4 /* UIControl+Categories.m in Sources */,
				84B1E2FF1CAE77BA004573F4 /* NSString+Ghost.m in Sources */,
				84B1E3301CB3C698004573F4 /* CHUnitCell.m in Sources */,
				8472D2031CAE53930003E35A /* NSFileManager+FQAHCategories.m in Sources */,
				63412E231CB2628B00FAD0DA /* UIStoryboard+Categories.m in Sources */,
				63412E531CB2A33F00FAD0DA /* CHMedicineReminderController.m in Sources */,
				84B1E2041CAE5AC6004573F4 /* CHRevealViewController.m in Sources */,
				84B1E3161CAE77BA004573F4 /* UIView+Categories.m in Sources */,
				84B1E3101CAE77BA004573F4 /* UINavigationBar+Awesome.m in Sources */,
				63412E331CB279C000FAD0DA /* CHResetPsdStep2Controller.m in Sources */,
				84B1E3181CAE77BA004573F4 /* UIViewController+Handle.m in Sources */,
				84B1E3031CAE77BA004573F4 /* UIColor+HexRGB.m in Sources */,
				84B1E30A1CAE77BA004573F4 /* UIButton+UIButton_BackgroundImageButton.m in Sources */,
				84B1E3081CAE77BA004573F4 /* NSString+Size.m in Sources */,
				637339A71CB6A2C50018FE46 /* CHMonitorCell.m in Sources */,
				63412E501CB2A2E800FAD0DA /* CHMonitorCareController.m in Sources */,
				63A447611CB4087B00046DC7 /* CHStatisticsController.m in Sources */,
				84B1E33C1CB3CF0D004573F4 /* HYQHelperCamera.m in Sources */,
				8472D2061CAE53930003E35A /* NSURLRequest+FQAHCategories.m in Sources */,
				84B1E2FC1CAE77BA004573F4 /* NSFileManager+Ghost.m in Sources */,
				84B1E30C1CAE77BA004573F4 /* UIImage+Blur.m in Sources */,
				84B1E3171CAE77BA004573F4 /* UIView+Extension.m in Sources */,
				84B1E3071CAE77BA004573F4 /* UIResponder+Ghost.m in Sources */,
				84FEA6E31CB51EA500ADA967 /* CHChangeNameController.m in Sources */,
				84B1E30D1CAE77BA004573F4 /* UIImage+Color.m in Sources */,
				84B1E3151CAE77BA004573F4 /* UIView+BlockGesture.m in Sources */,
				63412E4A1CB2A29F00FAD0DA /* CHCareAreaController.m in Sources */,
				637339A41CB69F750018FE46 /* CHSwitchCell.m in Sources */,
				84B1E3021CAE77BA004573F4 /* UIApplication+Categories.m in Sources */,
				63412E2D1CB273CA00FAD0DA /* CHBaseNavigationController.m in Sources */,
				8464DE121CAA48C7000B987E /* main.m in Sources */,
				8472D2091CAE53930003E35A /* FQAHBaseNetwork.m in Sources */,
				84B1E3111CAE77BA004573F4 /* UINavigationController+Categories.m in Sources */,
				63412E3D1CB285F900FAD0DA /* UIScrollView+EmptyDataSet.m in Sources */,
				84B1E2071CAE5B58004573F4 /* CHMainViewController.m in Sources */,
			);
			runOnlyForDeploymentPostprocessing = 0;
		};
/* End PBXSourcesBuildPhase section */

/* Begin PBXVariantGroup section */
		63D9F7EB1CB0C52A009BF266 /* Login.storyboard */ = {
			isa = PBXVariantGroup;
			children = (
				63D9F7EC1CB0C52A009BF266 /* Base */,
			);
			name = Login.storyboard;
			sourceTree = "<group>";
		};
		8464DE191CAA48C7000B987E /* Main.storyboard */ = {
			isa = PBXVariantGroup;
			children = (
				8464DE1A1CAA48C7000B987E /* Base */,
			);
			name = Main.storyboard;
			sourceTree = "<group>";
		};
		8464DE1E1CAA48C7000B987E /* LaunchScreen.storyboard */ = {
			isa = PBXVariantGroup;
			children = (
				8464DE1F1CAA48C7000B987E /* Base */,
			);
			name = LaunchScreen.storyboard;
			sourceTree = "<group>";
		};
/* End PBXVariantGroup section */

/* Begin XCBuildConfiguration section */
		8464DE221CAA48C7000B987E /* Debug */ = {
			isa = XCBuildConfiguration;
			buildSettings = {
				ALWAYS_SEARCH_USER_PATHS = NO;
				CLANG_ANALYZER_NONNULL = YES;
				CLANG_CXX_LANGUAGE_STANDARD = "gnu++0x";
				CLANG_CXX_LIBRARY = "libc++";
				CLANG_ENABLE_MODULES = YES;
				CLANG_ENABLE_OBJC_ARC = YES;
				CLANG_WARN_BOOL_CONVERSION = YES;
				CLANG_WARN_CONSTANT_CONVERSION = YES;
				CLANG_WARN_DIRECT_OBJC_ISA_USAGE = YES_ERROR;
				CLANG_WARN_EMPTY_BODY = YES;
				CLANG_WARN_ENUM_CONVERSION = YES;
				CLANG_WARN_INT_CONVERSION = YES;
				CLANG_WARN_OBJC_ROOT_CLASS = YES_ERROR;
				CLANG_WARN_UNREACHABLE_CODE = YES;
				CLANG_WARN__DUPLICATE_METHOD_MATCH = YES;
				"CODE_SIGN_IDENTITY[sdk=iphoneos*]" = "iPhone Developer";
				COPY_PHASE_STRIP = NO;
				DEBUG_INFORMATION_FORMAT = dwarf;
				ENABLE_BITCODE = NO;
				ENABLE_STRICT_OBJC_MSGSEND = YES;
				ENABLE_TESTABILITY = YES;
				GCC_C_LANGUAGE_STANDARD = gnu99;
				GCC_DYNAMIC_NO_PIC = NO;
				GCC_NO_COMMON_BLOCKS = YES;
				GCC_OPTIMIZATION_LEVEL = 0;
				GCC_PREPROCESSOR_DEFINITIONS = (
					"DEBUG=1",
					"$(inherited)",
				);
				GCC_WARN_64_TO_32_BIT_CONVERSION = YES;
				GCC_WARN_ABOUT_RETURN_TYPE = YES_ERROR;
				GCC_WARN_UNDECLARED_SELECTOR = YES;
				GCC_WARN_UNINITIALIZED_AUTOS = YES_AGGRESSIVE;
				GCC_WARN_UNUSED_FUNCTION = YES;
				GCC_WARN_UNUSED_VARIABLE = YES;
				IPHONEOS_DEPLOYMENT_TARGET = 9.3;
				MTL_ENABLE_DEBUG_INFO = YES;
				ONLY_ACTIVE_ARCH = YES;
				PROVISIONING_PROFILE = "61173819-548d-4940-984a-d43cb35a7355";
				SDKROOT = iphoneos;
			};
			name = Debug;
		};
		8464DE231CAA48C7000B987E /* Release */ = {
			isa = XCBuildConfiguration;
			buildSettings = {
				ALWAYS_SEARCH_USER_PATHS = NO;
				CLANG_ANALYZER_NONNULL = YES;
				CLANG_CXX_LANGUAGE_STANDARD = "gnu++0x";
				CLANG_CXX_LIBRARY = "libc++";
				CLANG_ENABLE_MODULES = YES;
				CLANG_ENABLE_OBJC_ARC = YES;
				CLANG_WARN_BOOL_CONVERSION = YES;
				CLANG_WARN_CONSTANT_CONVERSION = YES;
				CLANG_WARN_DIRECT_OBJC_ISA_USAGE = YES_ERROR;
				CLANG_WARN_EMPTY_BODY = YES;
				CLANG_WARN_ENUM_CONVERSION = YES;
				CLANG_WARN_INT_CONVERSION = YES;
				CLANG_WARN_OBJC_ROOT_CLASS = YES_ERROR;
				CLANG_WARN_UNREACHABLE_CODE = YES;
				CLANG_WARN__DUPLICATE_METHOD_MATCH = YES;
				"CODE_SIGN_IDENTITY[sdk=iphoneos*]" = "iPhone Developer";
				COPY_PHASE_STRIP = NO;
				DEBUG_INFORMATION_FORMAT = "dwarf-with-dsym";
				ENABLE_BITCODE = NO;
				ENABLE_NS_ASSERTIONS = NO;
				ENABLE_STRICT_OBJC_MSGSEND = YES;
				GCC_C_LANGUAGE_STANDARD = gnu99;
				GCC_NO_COMMON_BLOCKS = YES;
				GCC_WARN_64_TO_32_BIT_CONVERSION = YES;
				GCC_WARN_ABOUT_RETURN_TYPE = YES_ERROR;
				GCC_WARN_UNDECLARED_SELECTOR = YES;
				GCC_WARN_UNINITIALIZED_AUTOS = YES_AGGRESSIVE;
				GCC_WARN_UNUSED_FUNCTION = YES;
				GCC_WARN_UNUSED_VARIABLE = YES;
				IPHONEOS_DEPLOYMENT_TARGET = 9.3;
				MTL_ENABLE_DEBUG_INFO = NO;
				PROVISIONING_PROFILE = "61173819-548d-4940-984a-d43cb35a7355";
				SDKROOT = iphoneos;
				VALIDATE_PRODUCT = YES;
			};
			name = Release;
		};
		8464DE251CAA48C7000B987E /* Debug */ = {
			isa = XCBuildConfiguration;
			baseConfigurationReference = EA12FFC0D604A8243CDEE906 /* Pods-CHCloudHealth.debug.xcconfig */;
			buildSettings = {
				ASSETCATALOG_COMPILER_APPICON_NAME = AppIcon;
				GCC_INCREASE_PRECOMPILED_HEADER_SHARING = YES;
				GCC_PRECOMPILE_PREFIX_HEADER = YES;
				GCC_PREFIX_HEADER = $SRCROOT/CHCloudHealth/PrefixHeader.pch;
				HEADER_SEARCH_PATHS = (
					"$(inherited)",
					"\"${PODS_ROOT}/Headers/Public\"",
					"\"${PODS_ROOT}/Headers/Public/AFNetworking\"",
					"\"${PODS_ROOT}/Headers/Public/BaiduMapKit\"",
					"\"${PODS_ROOT}/Headers/Public/CorePlot/ios\"",
					"\"${PODS_ROOT}/Headers/Public/CorePlot\"",
					"\"${PODS_ROOT}/Headers/Public/JDStatusBarNotification\"",
					"\"${PODS_ROOT}/Headers/Public/JECorePlotDigester\"",
					"\"${PODS_ROOT}/Headers/Public/JPush\"",
					"\"${PODS_ROOT}/Headers/Public/JRSwizzle\"",
					"\"${PODS_ROOT}/Headers/Public/JSONModel\"",
					"\"${PODS_ROOT}/Headers/Public/MBProgressHUD\"",
					"\"${PODS_ROOT}/Headers/Public/MJRefresh\"",
					"\"${PODS_ROOT}/Headers/Public/MagicalRecord\"",
					"\"${PODS_ROOT}/Headers/Public/SDWebImage\"",
					"\"${PODS_ROOT}/Headers/Public/SWRevealViewController\"",
					"\"${PODS_ROOT}/Headers/Public/UIActivityIndicator-for-SDWebImage\"",
				);
				INFOPLIST_FILE = CHCloudHealth/Info.plist;
				IPHONEOS_DEPLOYMENT_TARGET = 7.1;
				LD_RUNPATH_SEARCH_PATHS = "$(inherited) @executable_path/Frameworks";
				OTHER_CFLAGS = (
					"$(inherited)",
					"-isystem",
					"\"${PODS_ROOT}/Headers/Public\"",
					"-isystem",
					"\"${PODS_ROOT}/Headers/Public/AFNetworking\"",
					"-isystem",
					"\"${PODS_ROOT}/Headers/Public/BaiduMapKit\"",
					"-isystem",
					"\"${PODS_ROOT}/Headers/Public/CorePlot\"",
					"-isystem",
					"\"${PODS_ROOT}/Headers/Public/JDStatusBarNotification\"",
					"-isystem",
					"\"${PODS_ROOT}/Headers/Public/JECorePlotDigester\"",
					"-isystem",
					"\"${PODS_ROOT}/Headers/Public/JPush\"",
					"-isystem",
					"\"${PODS_ROOT}/Headers/Public/JRSwizzle\"",
					"-isystem",
					"\"${PODS_ROOT}/Headers/Public/JSONModel\"",
					"-isystem",
					"\"${PODS_ROOT}/Headers/Public/MBProgressHUD\"",
					"-isystem",
					"\"${PODS_ROOT}/Headers/Public/MJRefresh\"",
					"-isystem",
					"\"${PODS_ROOT}/Headers/Public/MagicalRecord\"",
					"-isystem",
					"\"${PODS_ROOT}/Headers/Public/SDWebImage\"",
					"-isystem",
					"\"${PODS_ROOT}/Headers/Public/SWRevealViewController\"",
					"-isystem",
					"\"${PODS_ROOT}/Headers/Public/UIActivityIndicator-for-SDWebImage\"",
					"-isystem",
					"\"${PODS_ROOT}/Headers/Public/CorePlot/ios\"",
				);
				PRODUCT_BUNDLE_IDENTIFIER = com.fqah.CHCloudHealth;
				PRODUCT_NAME = "$(TARGET_NAME)";
				PROVISIONING_PROFILE = "179f7b36-0b07-429e-8cab-995e3126e58e";
				WARNING_CFLAGS = "-Wno-deprecated-declarations";
			};
			name = Debug;
		};
		8464DE261CAA48C7000B987E /* Release */ = {
			isa = XCBuildConfiguration;
			baseConfigurationReference = 32E958EE73A4318A56D03553 /* Pods-CHCloudHealth.release.xcconfig */;
			buildSettings = {
				ASSETCATALOG_COMPILER_APPICON_NAME = AppIcon;
				GCC_INCREASE_PRECOMPILED_HEADER_SHARING = YES;
				GCC_PRECOMPILE_PREFIX_HEADER = YES;
				GCC_PREFIX_HEADER = $SRCROOT/CHCloudHealth/PrefixHeader.pch;
				HEADER_SEARCH_PATHS = (
					"$(inherited)",
					"\"${PODS_ROOT}/Headers/Public\"",
					"\"${PODS_ROOT}/Headers/Public/AFNetworking\"",
					"\"${PODS_ROOT}/Headers/Public/BaiduMapKit\"",
					"\"${PODS_ROOT}/Headers/Public/CorePlot/ios\"",
					"\"${PODS_ROOT}/Headers/Public/CorePlot\"",
					"\"${PODS_ROOT}/Headers/Public/JDStatusBarNotification\"",
					"\"${PODS_ROOT}/Headers/Public/JECorePlotDigester\"",
					"\"${PODS_ROOT}/Headers/Public/JPush\"",
					"\"${PODS_ROOT}/Headers/Public/JRSwizzle\"",
					"\"${PODS_ROOT}/Headers/Public/JSONModel\"",
					"\"${PODS_ROOT}/Headers/Public/MBProgressHUD\"",
					"\"${PODS_ROOT}/Headers/Public/MJRefresh\"",
					"\"${PODS_ROOT}/Headers/Public/MagicalRecord\"",
					"\"${PODS_ROOT}/Headers/Public/SDWebImage\"",
					"\"${PODS_ROOT}/Headers/Public/SWRevealViewController\"",
					"\"${PODS_ROOT}/Headers/Public/UIActivityIndicator-for-SDWebImage\"",
				);
				INFOPLIST_FILE = CHCloudHealth/Info.plist;
				IPHONEOS_DEPLOYMENT_TARGET = 7.1;
				LD_RUNPATH_SEARCH_PATHS = "$(inherited) @executable_path/Frameworks";
				OTHER_CFLAGS = (
					"$(inherited)",
					"-isystem",
					"\"${PODS_ROOT}/Headers/Public\"",
					"-isystem",
					"\"${PODS_ROOT}/Headers/Public/AFNetworking\"",
					"-isystem",
					"\"${PODS_ROOT}/Headers/Public/BaiduMapKit\"",
					"-isystem",
					"\"${PODS_ROOT}/Headers/Public/CorePlot\"",
					"-isystem",
					"\"${PODS_ROOT}/Headers/Public/JDStatusBarNotification\"",
					"-isystem",
					"\"${PODS_ROOT}/Headers/Public/JECorePlotDigester\"",
					"-isystem",
					"\"${PODS_ROOT}/Headers/Public/JPush\"",
					"-isystem",
					"\"${PODS_ROOT}/Headers/Public/JRSwizzle\"",
					"-isystem",
					"\"${PODS_ROOT}/Headers/Public/JSONModel\"",
					"-isystem",
					"\"${PODS_ROOT}/Headers/Public/MBProgressHUD\"",
					"-isystem",
					"\"${PODS_ROOT}/Headers/Public/MJRefresh\"",
					"-isystem",
					"\"${PODS_ROOT}/Headers/Public/MagicalRecord\"",
					"-isystem",
					"\"${PODS_ROOT}/Headers/Public/SDWebImage\"",
					"-isystem",
					"\"${PODS_ROOT}/Headers/Public/SWRevealViewController\"",
					"-isystem",
					"\"${PODS_ROOT}/Headers/Public/UIActivityIndicator-for-SDWebImage\"",
					"-isystem",
					"\"${PODS_ROOT}/Headers/Public/CorePlot/ios\"",
				);
				PRODUCT_BUNDLE_IDENTIFIER = com.fqah.CHCloudHealth;
				PRODUCT_NAME = "$(TARGET_NAME)";
				PROVISIONING_PROFILE = "179f7b36-0b07-429e-8cab-995e3126e58e";
			};
			name = Release;
		};
/* End XCBuildConfiguration section */

/* Begin XCConfigurationList section */
		8464DE081CAA48C7000B987E /* Build configuration list for PBXProject "CHCloudHealth" */ = {
			isa = XCConfigurationList;
			buildConfigurations = (
				8464DE221CAA48C7000B987E /* Debug */,
				8464DE231CAA48C7000B987E /* Release */,
			);
			defaultConfigurationIsVisible = 0;
			defaultConfigurationName = Release;
		};
		8464DE241CAA48C7000B987E /* Build configuration list for PBXNativeTarget "CHCloudHealth" */ = {
			isa = XCConfigurationList;
			buildConfigurations = (
				8464DE251CAA48C7000B987E /* Debug */,
				8464DE261CAA48C7000B987E /* Release */,
			);
			defaultConfigurationIsVisible = 0;
			defaultConfigurationName = Release;
		};
/* End XCConfigurationList section */

/* Begin XCVersionGroup section */
		8472D1D01CAE53930003E35A /* FQAHNetworking.xcdatamodeld */ = {
			isa = XCVersionGroup;
			children = (
				8472D1D11CAE53930003E35A /* FQAHNetworking.xcdatamodel */,
			);
			currentVersion = 8472D1D11CAE53930003E35A /* FQAHNetworking.xcdatamodel */;
			path = FQAHNetworking.xcdatamodeld;
			sourceTree = "<group>";
			versionGroupType = wrapper.xcdatamodel;
		};
/* End XCVersionGroup section */
	};
	rootObject = 8464DE051CAA48C7000B987E /* Project object */;
}
